// !$*UTF8*$!
{
	archiveVersion = 1;
	classes = {
	};
	objectVersion = 56;
	objects = {

/* Begin PBXBuildFile section */
		0904419829558E920088941F /* AddEmployeeVC.swift in Sources */ = {isa = PBXBuildFile; fileRef = 0904419229558DEE0088941F /* AddEmployeeVC.swift */; };
		090441B22955920E0088941F /* CustomColor.swift in Sources */ = {isa = PBXBuildFile; fileRef = 090441A42955920E0088941F /* CustomColor.swift */; };
		090441B32955920E0088941F /* CustomFont.swift in Sources */ = {isa = PBXBuildFile; fileRef = 090441A52955920E0088941F /* CustomFont.swift */; };
		090441B42955920E0088941F /* UIButton.swift in Sources */ = {isa = PBXBuildFile; fileRef = 090441A72955920E0088941F /* UIButton.swift */; };
		090441B52955920E0088941F /* UIView.swift in Sources */ = {isa = PBXBuildFile; fileRef = 090441A92955920E0088941F /* UIView.swift */; };
		090441B62955920E0088941F /* BaseURL.swift in Sources */ = {isa = PBXBuildFile; fileRef = 090441AA2955920E0088941F /* BaseURL.swift */; };
		090441B72955920E0088941F /* Date.swift in Sources */ = {isa = PBXBuildFile; fileRef = 090441AC2955920E0088941F /* Date.swift */; };
		090441B82955920E0088941F /* UIImageView.swift in Sources */ = {isa = PBXBuildFile; fileRef = 090441AE2955920E0088941F /* UIImageView.swift */; };
		090441B92955920E0088941F /* UITextField.swift in Sources */ = {isa = PBXBuildFile; fileRef = 090441B12955920E0088941F /* UITextField.swift */; };
		090441CC295595BF0088941F /* Main.storyboard in Resources */ = {isa = PBXBuildFile; fileRef = 3695504729519A9E009AEB62 /* Main.storyboard */; };
		090441CD295595D60088941F /* Montserrat-SemiBold.otf in Resources */ = {isa = PBXBuildFile; fileRef = 09283D2329531CCB00256FD8 /* Montserrat-SemiBold.otf */; };
		090441CE295595D90088941F /* Montserrat-Regular.otf in Resources */ = {isa = PBXBuildFile; fileRef = 09283D1F29531A9700256FD8 /* Montserrat-Regular.otf */; };
		090441CF295595DB0088941F /* Montserrat-Bold.otf in Resources */ = {isa = PBXBuildFile; fileRef = 09283D1E29531A8C00256FD8 /* Montserrat-Bold.otf */; };
		090441D0295595F70088941F /* Assets.xcassets in Resources */ = {isa = PBXBuildFile; fileRef = 3695504A29519AA0009AEB62 /* Assets.xcassets */; };
		090441D5295597980088941F /* EmployeesTableViewCell.xib in Resources */ = {isa = PBXBuildFile; fileRef = 36FE65FA2954A0A3003E9CC0 /* EmployeesTableViewCell.xib */; };
		090441D9295599F50088941F /* Montserrat-Medium.otf in Resources */ = {isa = PBXBuildFile; fileRef = 090441D8295599F50088941F /* Montserrat-Medium.otf */; };
		09283D2229531B8A00256FD8 /* ServerConfig.swift in Sources */ = {isa = PBXBuildFile; fileRef = 09283D2129531B8A00256FD8 /* ServerConfig.swift */; };
		0941311C2955B3E8008AC5CA /* BaseVC.swift in Sources */ = {isa = PBXBuildFile; fileRef = 0941311B2955B3E8008AC5CA /* BaseVC.swift */; };
		0941311F2955B55F008AC5CA /* String.swift in Sources */ = {isa = PBXBuildFile; fileRef = 0941311E2955B55F008AC5CA /* String.swift */; };
		094131362955F0F0008AC5CA /* ProfileTVCell.swift in Sources */ = {isa = PBXBuildFile; fileRef = 094131342955F0F0008AC5CA /* ProfileTVCell.swift */; };
		094131372955F0F0008AC5CA /* ProfileTVCell.xib in Resources */ = {isa = PBXBuildFile; fileRef = 094131352955F0F0008AC5CA /* ProfileTVCell.xib */; };
		098D04F829598065001C2F05 /* CameraHandler.swift in Sources */ = {isa = PBXBuildFile; fileRef = 098D04F729598065001C2F05 /* CameraHandler.swift */; };
		2E18A825836F0D81F77A3E51 /* Pods_RPB.framework in Frameworks */ = {isa = PBXBuildFile; fileRef = DD3D06738362C369E89B8B28 /* Pods_RPB.framework */; };
		3636F30529547728001D886A /* HomeVC.swift in Sources */ = {isa = PBXBuildFile; fileRef = 3636F30429547728001D886A /* HomeVC.swift */; };
		3636F3092954818E001D886A /* EmployeeVC.swift in Sources */ = {isa = PBXBuildFile; fileRef = 3636F3082954818E001D886A /* EmployeeVC.swift */; };
		3636F30B295481A8001D886A /* ProfileVC.swift in Sources */ = {isa = PBXBuildFile; fileRef = 3636F30A295481A8001D886A /* ProfileVC.swift */; };
		365010DA2955ADE1003F3262 /* TabbarVC.swift in Sources */ = {isa = PBXBuildFile; fileRef = 365010D92955ADE1003F3262 /* TabbarVC.swift */; };
		365010DD2955CBD2003F3262 /* TableView.swift in Sources */ = {isa = PBXBuildFile; fileRef = 365010DC2955CBD2003F3262 /* TableView.swift */; };
		365010E42955EC33003F3262 /* SettingVC.swift in Sources */ = {isa = PBXBuildFile; fileRef = 365010E32955EC33003F3262 /* SettingVC.swift */; };
		3695504229519A9E009AEB62 /* AppDelegate.swift in Sources */ = {isa = PBXBuildFile; fileRef = 3695504129519A9E009AEB62 /* AppDelegate.swift */; };
		3695504429519A9E009AEB62 /* SceneDelegate.swift in Sources */ = {isa = PBXBuildFile; fileRef = 3695504329519A9E009AEB62 /* SceneDelegate.swift */; };
		3695504629519A9E009AEB62 /* LoginVC.swift in Sources */ = {isa = PBXBuildFile; fileRef = 3695504529519A9E009AEB62 /* LoginVC.swift */; };
		3695505929519AA0009AEB62 /* RPBTests.swift in Sources */ = {isa = PBXBuildFile; fileRef = 3695505829519AA0009AEB62 /* RPBTests.swift */; };
		3695506329519AA0009AEB62 /* RPBUITests.swift in Sources */ = {isa = PBXBuildFile; fileRef = 3695506229519AA0009AEB62 /* RPBUITests.swift */; };
		3695506529519AA0009AEB62 /* RPBUITestsLaunchTests.swift in Sources */ = {isa = PBXBuildFile; fileRef = 3695506429519AA0009AEB62 /* RPBUITestsLaunchTests.swift */; };
		36FE65FB2954A0A3003E9CC0 /* EmployeesTableViewCell.swift in Sources */ = {isa = PBXBuildFile; fileRef = 36FE65F92954A0A3003E9CC0 /* EmployeesTableViewCell.swift */; };
		42461DF572A33293AAF14395 /* Pods_RPBTests.framework in Frameworks */ = {isa = PBXBuildFile; fileRef = D40216E1D4D4C2D5D685E6CF /* Pods_RPBTests.framework */; };
		888933B9EC43727F25FCCE67 /* Pods_RPB_RPBUITests.framework in Frameworks */ = {isa = PBXBuildFile; fileRef = 37FD77DEDA03678A73A25717 /* Pods_RPB_RPBUITests.framework */; };
/* End PBXBuildFile section */

/* Begin PBXContainerItemProxy section */
		3695505529519AA0009AEB62 /* PBXContainerItemProxy */ = {
			isa = PBXContainerItemProxy;
			containerPortal = 3695503629519A9E009AEB62 /* Project object */;
			proxyType = 1;
			remoteGlobalIDString = 3695503D29519A9E009AEB62;
			remoteInfo = RPB;
		};
		3695505F29519AA0009AEB62 /* PBXContainerItemProxy */ = {
			isa = PBXContainerItemProxy;
			containerPortal = 3695503629519A9E009AEB62 /* Project object */;
			proxyType = 1;
			remoteGlobalIDString = 3695503D29519A9E009AEB62;
			remoteInfo = RPB;
		};
/* End PBXContainerItemProxy section */

/* Begin PBXFileReference section */
		0904419229558DEE0088941F /* AddEmployeeVC.swift */ = {isa = PBXFileReference; fileEncoding = 4; lastKnownFileType = sourcecode.swift; path = AddEmployeeVC.swift; sourceTree = "<group>"; };
		090441A42955920E0088941F /* CustomColor.swift */ = {isa = PBXFileReference; fileEncoding = 4; lastKnownFileType = sourcecode.swift; path = CustomColor.swift; sourceTree = "<group>"; };
		090441A52955920E0088941F /* CustomFont.swift */ = {isa = PBXFileReference; fileEncoding = 4; lastKnownFileType = sourcecode.swift; path = CustomFont.swift; sourceTree = "<group>"; };
		090441A72955920E0088941F /* UIButton.swift */ = {isa = PBXFileReference; fileEncoding = 4; lastKnownFileType = sourcecode.swift; path = UIButton.swift; sourceTree = "<group>"; };
		090441A92955920E0088941F /* UIView.swift */ = {isa = PBXFileReference; fileEncoding = 4; lastKnownFileType = sourcecode.swift; path = UIView.swift; sourceTree = "<group>"; };
		090441AA2955920E0088941F /* BaseURL.swift */ = {isa = PBXFileReference; fileEncoding = 4; lastKnownFileType = sourcecode.swift; path = BaseURL.swift; sourceTree = "<group>"; };
		090441AC2955920E0088941F /* Date.swift */ = {isa = PBXFileReference; fileEncoding = 4; lastKnownFileType = sourcecode.swift; path = Date.swift; sourceTree = "<group>"; };
		090441AE2955920E0088941F /* UIImageView.swift */ = {isa = PBXFileReference; fileEncoding = 4; lastKnownFileType = sourcecode.swift; path = UIImageView.swift; sourceTree = "<group>"; };
		090441B12955920E0088941F /* UITextField.swift */ = {isa = PBXFileReference; fileEncoding = 4; lastKnownFileType = sourcecode.swift; path = UITextField.swift; sourceTree = "<group>"; };
		090441D8295599F50088941F /* Montserrat-Medium.otf */ = {isa = PBXFileReference; lastKnownFileType = file; path = "Montserrat-Medium.otf"; sourceTree = "<group>"; };
		09283D1E29531A8C00256FD8 /* Montserrat-Bold.otf */ = {isa = PBXFileReference; lastKnownFileType = file; path = "Montserrat-Bold.otf"; sourceTree = "<group>"; };
		09283D1F29531A9700256FD8 /* Montserrat-Regular.otf */ = {isa = PBXFileReference; lastKnownFileType = file; path = "Montserrat-Regular.otf"; sourceTree = "<group>"; };
		09283D2129531B8A00256FD8 /* ServerConfig.swift */ = {isa = PBXFileReference; fileEncoding = 4; lastKnownFileType = sourcecode.swift; path = ServerConfig.swift; sourceTree = "<group>"; };
		09283D2329531CCB00256FD8 /* Montserrat-SemiBold.otf */ = {isa = PBXFileReference; lastKnownFileType = file; path = "Montserrat-SemiBold.otf"; sourceTree = "<group>"; };
		0941311B2955B3E8008AC5CA /* BaseVC.swift */ = {isa = PBXFileReference; lastKnownFileType = sourcecode.swift; path = BaseVC.swift; sourceTree = "<group>"; };
		0941311E2955B55F008AC5CA /* String.swift */ = {isa = PBXFileReference; lastKnownFileType = sourcecode.swift; path = String.swift; sourceTree = "<group>"; };
		094131342955F0F0008AC5CA /* ProfileTVCell.swift */ = {isa = PBXFileReference; fileEncoding = 4; lastKnownFileType = sourcecode.swift; path = ProfileTVCell.swift; sourceTree = "<group>"; };
		094131352955F0F0008AC5CA /* ProfileTVCell.xib */ = {isa = PBXFileReference; fileEncoding = 4; lastKnownFileType = file.xib; path = ProfileTVCell.xib; sourceTree = "<group>"; };
		098D04F729598065001C2F05 /* CameraHandler.swift */ = {isa = PBXFileReference; lastKnownFileType = sourcecode.swift; path = CameraHandler.swift; sourceTree = "<group>"; };
		0BA2D4D5F79B27C1E0242BBE /* Pods-RPBTests.debugdev.xcconfig */ = {isa = PBXFileReference; includeInIndex = 1; lastKnownFileType = text.xcconfig; name = "Pods-RPBTests.debugdev.xcconfig"; path = "Target Support Files/Pods-RPBTests/Pods-RPBTests.debugdev.xcconfig"; sourceTree = "<group>"; };
		0F2344F2CFF9BCBC3CA03F8E /* Pods-RPB-RPBUITests.releaseproduction.xcconfig */ = {isa = PBXFileReference; includeInIndex = 1; lastKnownFileType = text.xcconfig; name = "Pods-RPB-RPBUITests.releaseproduction.xcconfig"; path = "Target Support Files/Pods-RPB-RPBUITests/Pods-RPB-RPBUITests.releaseproduction.xcconfig"; sourceTree = "<group>"; };
		164528275600028EE2EE589C /* Pods-RPB-RPBUITests.debugqa.xcconfig */ = {isa = PBXFileReference; includeInIndex = 1; lastKnownFileType = text.xcconfig; name = "Pods-RPB-RPBUITests.debugqa.xcconfig"; path = "Target Support Files/Pods-RPB-RPBUITests/Pods-RPB-RPBUITests.debugqa.xcconfig"; sourceTree = "<group>"; };
		22EF633B9F77D99322A1835A /* Pods-RPBTests.releasedev.xcconfig */ = {isa = PBXFileReference; includeInIndex = 1; lastKnownFileType = text.xcconfig; name = "Pods-RPBTests.releasedev.xcconfig"; path = "Target Support Files/Pods-RPBTests/Pods-RPBTests.releasedev.xcconfig"; sourceTree = "<group>"; };
		2324538490149D208DA077A6 /* Pods-RPBTests.release.xcconfig */ = {isa = PBXFileReference; includeInIndex = 1; lastKnownFileType = text.xcconfig; name = "Pods-RPBTests.release.xcconfig"; path = "Target Support Files/Pods-RPBTests/Pods-RPBTests.release.xcconfig"; sourceTree = "<group>"; };
		23B2FDCDEFCA66A6888B49DA /* Pods-RPB.debugqa.xcconfig */ = {isa = PBXFileReference; includeInIndex = 1; lastKnownFileType = text.xcconfig; name = "Pods-RPB.debugqa.xcconfig"; path = "Target Support Files/Pods-RPB/Pods-RPB.debugqa.xcconfig"; sourceTree = "<group>"; };
		3636F30429547728001D886A /* HomeVC.swift */ = {isa = PBXFileReference; lastKnownFileType = sourcecode.swift; path = HomeVC.swift; sourceTree = "<group>"; };
		3636F3082954818E001D886A /* EmployeeVC.swift */ = {isa = PBXFileReference; lastKnownFileType = sourcecode.swift; path = EmployeeVC.swift; sourceTree = "<group>"; };
		3636F30A295481A8001D886A /* ProfileVC.swift */ = {isa = PBXFileReference; lastKnownFileType = sourcecode.swift; path = ProfileVC.swift; sourceTree = "<group>"; };
		365010D42955A3D4003F3262 /* RPB.app */ = {isa = PBXFileReference; explicitFileType = wrapper.application; includeInIndex = 0; path = RPB.app; sourceTree = BUILT_PRODUCTS_DIR; };
		365010D52955A3D4003F3262 /* RPBTests.xctest */ = {isa = PBXFileReference; explicitFileType = wrapper.cfbundle; includeInIndex = 0; path = RPBTests.xctest; sourceTree = BUILT_PRODUCTS_DIR; };
		365010D62955A3D4003F3262 /* RPBUITests.xctest */ = {isa = PBXFileReference; explicitFileType = wrapper.cfbundle; includeInIndex = 0; path = RPBUITests.xctest; sourceTree = BUILT_PRODUCTS_DIR; };
		365010D92955ADE1003F3262 /* TabbarVC.swift */ = {isa = PBXFileReference; lastKnownFileType = sourcecode.swift; path = TabbarVC.swift; sourceTree = "<group>"; };
		365010DC2955CBD2003F3262 /* TableView.swift */ = {isa = PBXFileReference; lastKnownFileType = sourcecode.swift; path = TableView.swift; sourceTree = "<group>"; };
		365010E32955EC33003F3262 /* SettingVC.swift */ = {isa = PBXFileReference; lastKnownFileType = sourcecode.swift; path = SettingVC.swift; sourceTree = "<group>"; };
		3695504129519A9E009AEB62 /* AppDelegate.swift */ = {isa = PBXFileReference; lastKnownFileType = sourcecode.swift; path = AppDelegate.swift; sourceTree = "<group>"; };
		3695504329519A9E009AEB62 /* SceneDelegate.swift */ = {isa = PBXFileReference; lastKnownFileType = sourcecode.swift; path = SceneDelegate.swift; sourceTree = "<group>"; };
		3695504529519A9E009AEB62 /* LoginVC.swift */ = {isa = PBXFileReference; lastKnownFileType = sourcecode.swift; path = LoginVC.swift; sourceTree = "<group>"; };
		3695504829519A9E009AEB62 /* Base */ = {isa = PBXFileReference; lastKnownFileType = file.storyboard; name = Base; path = Base.lproj/Main.storyboard; sourceTree = "<group>"; };
		3695504A29519AA0009AEB62 /* Assets.xcassets */ = {isa = PBXFileReference; lastKnownFileType = folder.assetcatalog; path = Assets.xcassets; sourceTree = "<group>"; };
		3695504D29519AA0009AEB62 /* Base */ = {isa = PBXFileReference; lastKnownFileType = file.storyboard; name = Base; path = Base.lproj/LaunchScreen.storyboard; sourceTree = "<group>"; };
		3695504F29519AA0009AEB62 /* Info.plist */ = {isa = PBXFileReference; lastKnownFileType = text.plist.xml; path = Info.plist; sourceTree = "<group>"; };
		3695505829519AA0009AEB62 /* RPBTests.swift */ = {isa = PBXFileReference; lastKnownFileType = sourcecode.swift; path = RPBTests.swift; sourceTree = "<group>"; };
		3695506229519AA0009AEB62 /* RPBUITests.swift */ = {isa = PBXFileReference; lastKnownFileType = sourcecode.swift; path = RPBUITests.swift; sourceTree = "<group>"; };
		3695506429519AA0009AEB62 /* RPBUITestsLaunchTests.swift */ = {isa = PBXFileReference; lastKnownFileType = sourcecode.swift; path = RPBUITestsLaunchTests.swift; sourceTree = "<group>"; };
		36FE65F92954A0A3003E9CC0 /* EmployeesTableViewCell.swift */ = {isa = PBXFileReference; lastKnownFileType = sourcecode.swift; path = EmployeesTableViewCell.swift; sourceTree = "<group>"; };
		36FE65FA2954A0A3003E9CC0 /* EmployeesTableViewCell.xib */ = {isa = PBXFileReference; lastKnownFileType = file.xib; path = EmployeesTableViewCell.xib; sourceTree = "<group>"; };
		37FD77DEDA03678A73A25717 /* Pods_RPB_RPBUITests.framework */ = {isa = PBXFileReference; explicitFileType = wrapper.framework; includeInIndex = 0; path = Pods_RPB_RPBUITests.framework; sourceTree = BUILT_PRODUCTS_DIR; };
		528A5F1F077A0B4A66C97555 /* Pods-RPBTests.debugqa.xcconfig */ = {isa = PBXFileReference; includeInIndex = 1; lastKnownFileType = text.xcconfig; name = "Pods-RPBTests.debugqa.xcconfig"; path = "Target Support Files/Pods-RPBTests/Pods-RPBTests.debugqa.xcconfig"; sourceTree = "<group>"; };
		649667B6685AABB7DD3C367E /* Pods-RPB-RPBUITests.debug.xcconfig */ = {isa = PBXFileReference; includeInIndex = 1; lastKnownFileType = text.xcconfig; name = "Pods-RPB-RPBUITests.debug.xcconfig"; path = "Target Support Files/Pods-RPB-RPBUITests/Pods-RPB-RPBUITests.debug.xcconfig"; sourceTree = "<group>"; };
		6682F80CBA3D63ABEF27E473 /* Pods-RPBTests.releaseqa.xcconfig */ = {isa = PBXFileReference; includeInIndex = 1; lastKnownFileType = text.xcconfig; name = "Pods-RPBTests.releaseqa.xcconfig"; path = "Target Support Files/Pods-RPBTests/Pods-RPBTests.releaseqa.xcconfig"; sourceTree = "<group>"; };
		741F81B5D147D9485B4B2614 /* Pods-RPB-RPBUITests.debugproduction.xcconfig */ = {isa = PBXFileReference; includeInIndex = 1; lastKnownFileType = text.xcconfig; name = "Pods-RPB-RPBUITests.debugproduction.xcconfig"; path = "Target Support Files/Pods-RPB-RPBUITests/Pods-RPB-RPBUITests.debugproduction.xcconfig"; sourceTree = "<group>"; };
		8A89843F7C276D4C05914EC5 /* Pods-RPB.releasedev.xcconfig */ = {isa = PBXFileReference; includeInIndex = 1; lastKnownFileType = text.xcconfig; name = "Pods-RPB.releasedev.xcconfig"; path = "Target Support Files/Pods-RPB/Pods-RPB.releasedev.xcconfig"; sourceTree = "<group>"; };
		8B0199036BBC6268FA64FBBC /* Pods-RPB.debugproduction.xcconfig */ = {isa = PBXFileReference; includeInIndex = 1; lastKnownFileType = text.xcconfig; name = "Pods-RPB.debugproduction.xcconfig"; path = "Target Support Files/Pods-RPB/Pods-RPB.debugproduction.xcconfig"; sourceTree = "<group>"; };
		8E78661B7C5CE265BD67A8C0 /* Pods-RPB.debug.xcconfig */ = {isa = PBXFileReference; includeInIndex = 1; lastKnownFileType = text.xcconfig; name = "Pods-RPB.debug.xcconfig"; path = "Target Support Files/Pods-RPB/Pods-RPB.debug.xcconfig"; sourceTree = "<group>"; };
		9856EDA143AFC0A36B3C0E5D /* Pods-RPB.release.xcconfig */ = {isa = PBXFileReference; includeInIndex = 1; lastKnownFileType = text.xcconfig; name = "Pods-RPB.release.xcconfig"; path = "Target Support Files/Pods-RPB/Pods-RPB.release.xcconfig"; sourceTree = "<group>"; };
		A083B843D23EAFA5EF4D9D25 /* Pods-RPBTests.debugproduction.xcconfig */ = {isa = PBXFileReference; includeInIndex = 1; lastKnownFileType = text.xcconfig; name = "Pods-RPBTests.debugproduction.xcconfig"; path = "Target Support Files/Pods-RPBTests/Pods-RPBTests.debugproduction.xcconfig"; sourceTree = "<group>"; };
		ABD8840EA41EF2B4752078EC /* Pods-RPB-RPBUITests.debugdev.xcconfig */ = {isa = PBXFileReference; includeInIndex = 1; lastKnownFileType = text.xcconfig; name = "Pods-RPB-RPBUITests.debugdev.xcconfig"; path = "Target Support Files/Pods-RPB-RPBUITests/Pods-RPB-RPBUITests.debugdev.xcconfig"; sourceTree = "<group>"; };
		B14E42B96AC79BD4CB2BCC16 /* Pods-RPB.releaseproduction.xcconfig */ = {isa = PBXFileReference; includeInIndex = 1; lastKnownFileType = text.xcconfig; name = "Pods-RPB.releaseproduction.xcconfig"; path = "Target Support Files/Pods-RPB/Pods-RPB.releaseproduction.xcconfig"; sourceTree = "<group>"; };
		C3B2EADD3EB239120A746153 /* Pods-RPB-RPBUITests.releaseqa.xcconfig */ = {isa = PBXFileReference; includeInIndex = 1; lastKnownFileType = text.xcconfig; name = "Pods-RPB-RPBUITests.releaseqa.xcconfig"; path = "Target Support Files/Pods-RPB-RPBUITests/Pods-RPB-RPBUITests.releaseqa.xcconfig"; sourceTree = "<group>"; };
		C6C0C5525FC4D04E02FA0300 /* Pods-RPB.debugdev.xcconfig */ = {isa = PBXFileReference; includeInIndex = 1; lastKnownFileType = text.xcconfig; name = "Pods-RPB.debugdev.xcconfig"; path = "Target Support Files/Pods-RPB/Pods-RPB.debugdev.xcconfig"; sourceTree = "<group>"; };
		C9F385A334A13631DDAC0E80 /* Pods-RPB.releaseqa.xcconfig */ = {isa = PBXFileReference; includeInIndex = 1; lastKnownFileType = text.xcconfig; name = "Pods-RPB.releaseqa.xcconfig"; path = "Target Support Files/Pods-RPB/Pods-RPB.releaseqa.xcconfig"; sourceTree = "<group>"; };
		D342C2691682769EFA5BD3B8 /* Pods-RPB-RPBUITests.releasedev.xcconfig */ = {isa = PBXFileReference; includeInIndex = 1; lastKnownFileType = text.xcconfig; name = "Pods-RPB-RPBUITests.releasedev.xcconfig"; path = "Target Support Files/Pods-RPB-RPBUITests/Pods-RPB-RPBUITests.releasedev.xcconfig"; sourceTree = "<group>"; };
		D40216E1D4D4C2D5D685E6CF /* Pods_RPBTests.framework */ = {isa = PBXFileReference; explicitFileType = wrapper.framework; includeInIndex = 0; path = Pods_RPBTests.framework; sourceTree = BUILT_PRODUCTS_DIR; };
		D84A088DB002AA2061848332 /* Pods-RPB-RPBUITests.release.xcconfig */ = {isa = PBXFileReference; includeInIndex = 1; lastKnownFileType = text.xcconfig; name = "Pods-RPB-RPBUITests.release.xcconfig"; path = "Target Support Files/Pods-RPB-RPBUITests/Pods-RPB-RPBUITests.release.xcconfig"; sourceTree = "<group>"; };
		DD3D06738362C369E89B8B28 /* Pods_RPB.framework */ = {isa = PBXFileReference; explicitFileType = wrapper.framework; includeInIndex = 0; path = Pods_RPB.framework; sourceTree = BUILT_PRODUCTS_DIR; };
		E9325897EDA257A3E760FFDC /* Pods-RPBTests.debug.xcconfig */ = {isa = PBXFileReference; includeInIndex = 1; lastKnownFileType = text.xcconfig; name = "Pods-RPBTests.debug.xcconfig"; path = "Target Support Files/Pods-RPBTests/Pods-RPBTests.debug.xcconfig"; sourceTree = "<group>"; };
		F9487A1BECA925D6A328A62F /* Pods-RPBTests.releaseproduction.xcconfig */ = {isa = PBXFileReference; includeInIndex = 1; lastKnownFileType = text.xcconfig; name = "Pods-RPBTests.releaseproduction.xcconfig"; path = "Target Support Files/Pods-RPBTests/Pods-RPBTests.releaseproduction.xcconfig"; sourceTree = "<group>"; };
/* End PBXFileReference section */

/* Begin PBXFrameworksBuildPhase section */
		3695503B29519A9E009AEB62 /* Frameworks */ = {
			isa = PBXFrameworksBuildPhase;
			buildActionMask = 2147483647;
			files = (
				2E18A825836F0D81F77A3E51 /* Pods_RPB.framework in Frameworks */,
			);
			runOnlyForDeploymentPostprocessing = 0;
		};
		3695505129519AA0009AEB62 /* Frameworks */ = {
			isa = PBXFrameworksBuildPhase;
			buildActionMask = 2147483647;
			files = (
				42461DF572A33293AAF14395 /* Pods_RPBTests.framework in Frameworks */,
			);
			runOnlyForDeploymentPostprocessing = 0;
		};
		3695505B29519AA0009AEB62 /* Frameworks */ = {
			isa = PBXFrameworksBuildPhase;
			buildActionMask = 2147483647;
			files = (
				888933B9EC43727F25FCCE67 /* Pods_RPB_RPBUITests.framework in Frameworks */,
			);
			runOnlyForDeploymentPostprocessing = 0;
		};
/* End PBXFrameworksBuildPhase section */

/* Begin PBXGroup section */
		0904419129558DEE0088941F /* Add Employee Screen */ = {
			isa = PBXGroup;
			children = (
				0904419229558DEE0088941F /* AddEmployeeVC.swift */,
			);
			path = "Add Employee Screen";
			sourceTree = "<group>";
		};
		090441A12955920E0088941F /* Extensions */ = {
			isa = PBXGroup;
			children = (
				098D04F629598054001C2F05 /* Add Image */,
				0941311D2955B554008AC5CA /* String */,
				365010DB2955CBBF003F3262 /* TableView */,
				090441A22955920E0088941F /* ServerBaseURLS */,
				365010D72955A84D003F3262 /* Custom Fonts */,
				090441A32955920E0088941F /* Color  */,
				090441A62955920E0088941F /* UIButton */,
				090441A82955920E0088941F /* UIView */,
				090441AB2955920E0088941F /* Date */,
				090441AD2955920E0088941F /* UIImageView */,
				090441B02955920E0088941F /* UITextField */,
			);
			name = Extensions;
			sourceTree = "<group>";
		};
		090441A22955920E0088941F /* ServerBaseURLS */ = {
			isa = PBXGroup;
			children = (
				090441AA2955920E0088941F /* BaseURL.swift */,
			);
			name = ServerBaseURLS;
			path = Utils/Extensions/ServerBaseURLS;
			sourceTree = "<group>";
		};
		090441A32955920E0088941F /* Color  */ = {
			isa = PBXGroup;
			children = (
				090441A42955920E0088941F /* CustomColor.swift */,
			);
			name = "Color ";
			path = "Utils/Extensions/Color ";
			sourceTree = "<group>";
		};
		090441A62955920E0088941F /* UIButton */ = {
			isa = PBXGroup;
			children = (
				090441A72955920E0088941F /* UIButton.swift */,
			);
			name = UIButton;
			path = Utils/Extensions/UIButton;
			sourceTree = "<group>";
		};
		090441A82955920E0088941F /* UIView */ = {
			isa = PBXGroup;
			children = (
				090441A92955920E0088941F /* UIView.swift */,
			);
			name = UIView;
			path = Utils/Extensions/UIView;
			sourceTree = "<group>";
		};
		090441AB2955920E0088941F /* Date */ = {
			isa = PBXGroup;
			children = (
				090441AC2955920E0088941F /* Date.swift */,
			);
			name = Date;
			path = Utils/Extensions/Date;
			sourceTree = "<group>";
		};
		090441AD2955920E0088941F /* UIImageView */ = {
			isa = PBXGroup;
			children = (
				090441AE2955920E0088941F /* UIImageView.swift */,
			);
			name = UIImageView;
			path = Utils/Extensions/UIImageView;
			sourceTree = "<group>";
		};
		090441B02955920E0088941F /* UITextField */ = {
			isa = PBXGroup;
			children = (
				090441B12955920E0088941F /* UITextField.swift */,
			);
			name = UITextField;
			path = Utils/Extensions/UITextField;
			sourceTree = "<group>";
		};
		0941311A2955B3CD008AC5CA /* BaseVC */ = {
			isa = PBXGroup;
			children = (
				0941311B2955B3E8008AC5CA /* BaseVC.swift */,
			);
			path = BaseVC;
			sourceTree = "<group>";
		};
		0941311D2955B554008AC5CA /* String */ = {
			isa = PBXGroup;
			children = (
				0941311E2955B55F008AC5CA /* String.swift */,
			);
			path = String;
			sourceTree = "<group>";
		};
		094131332955F0F0008AC5CA /* Cells */ = {
			isa = PBXGroup;
			children = (
				094131342955F0F0008AC5CA /* ProfileTVCell.swift */,
				094131352955F0F0008AC5CA /* ProfileTVCell.xib */,
			);
			path = Cells;
			sourceTree = "<group>";
		};
		098D04F629598054001C2F05 /* Add Image */ = {
			isa = PBXGroup;
			children = (
				098D04F729598065001C2F05 /* CameraHandler.swift */,
			);
			path = "Add Image";
			sourceTree = "<group>";
		};
		3636F3032954770B001D886A /* HomeVC */ = {
			isa = PBXGroup;
			children = (
				3636F30429547728001D886A /* HomeVC.swift */,
				36FE65F82954A07F003E9CC0 /* Cells */,
			);
			path = HomeVC;
			sourceTree = "<group>";
		};
		3636F30629548165001D886A /* Employee VC */ = {
			isa = PBXGroup;
			children = (
				3636F3082954818E001D886A /* EmployeeVC.swift */,
			);
			path = "Employee VC";
			sourceTree = "<group>";
		};
		3636F30729548170001D886A /* Profile VC */ = {
			isa = PBXGroup;
			children = (
				094131332955F0F0008AC5CA /* Cells */,
				3636F30A295481A8001D886A /* ProfileVC.swift */,
			);
			path = "Profile VC";
			sourceTree = "<group>";
		};
		365010D72955A84D003F3262 /* Custom Fonts */ = {
			isa = PBXGroup;
			children = (
				090441A52955920E0088941F /* CustomFont.swift */,
			);
			path = "Custom Fonts";
			sourceTree = "<group>";
		};
		365010D82955ADC2003F3262 /* Tabbar  */ = {
			isa = PBXGroup;
			children = (
				365010D92955ADE1003F3262 /* TabbarVC.swift */,
			);
			path = "Tabbar ";
			sourceTree = "<group>";
		};
		365010DB2955CBBF003F3262 /* TableView */ = {
			isa = PBXGroup;
			children = (
				365010DC2955CBD2003F3262 /* TableView.swift */,
			);
			path = TableView;
			sourceTree = "<group>";
		};
		365010E22955EC03003F3262 /* Setting */ = {
			isa = PBXGroup;
			children = (
				365010E32955EC33003F3262 /* SettingVC.swift */,
			);
			path = Setting;
			sourceTree = "<group>";
		};
		3695503529519A9E009AEB62 = {
			isa = PBXGroup;
			children = (
				3695504029519A9E009AEB62 /* RPB */,
				3695505729519AA0009AEB62 /* RPBTests */,
				3695506129519AA0009AEB62 /* RPBUITests */,
				6CE2B86402C41ADD0A1285C8 /* Pods */,
				365010D42955A3D4003F3262 /* RPB.app */,
				365010D52955A3D4003F3262 /* RPBTests.xctest */,
				365010D62955A3D4003F3262 /* RPBUITests.xctest */,
				CE7EB7E665947BC5C78A64AA /* Frameworks */,
			);
			sourceTree = "<group>";
		};
		3695504029519A9E009AEB62 /* RPB */ = {
			isa = PBXGroup;
			children = (
				3695507229519B72009AEB62 /* Application */,
				3695507329519BED009AEB62 /* Presentation */,
				3695507429519C73009AEB62 /* Resources */,
				3695504F29519AA0009AEB62 /* Info.plist */,
			);
			path = RPB;
			sourceTree = "<group>";
		};
		3695505729519AA0009AEB62 /* RPBTests */ = {
			isa = PBXGroup;
			children = (
				3695505829519AA0009AEB62 /* RPBTests.swift */,
			);
			path = RPBTests;
			sourceTree = "<group>";
		};
		3695506129519AA0009AEB62 /* RPBUITests */ = {
			isa = PBXGroup;
			children = (
				3695506229519AA0009AEB62 /* RPBUITests.swift */,
				3695506429519AA0009AEB62 /* RPBUITestsLaunchTests.swift */,
			);
			path = RPBUITests;
			sourceTree = "<group>";
		};
		3695507229519B72009AEB62 /* Application */ = {
			isa = PBXGroup;
			children = (
				3695504129519A9E009AEB62 /* AppDelegate.swift */,
				3695504329519A9E009AEB62 /* SceneDelegate.swift */,
			);
			path = Application;
			sourceTree = "<group>";
		};
		3695507329519BED009AEB62 /* Presentation */ = {
			isa = PBXGroup;
			children = (
				365010E22955EC03003F3262 /* Setting */,
				0941311A2955B3CD008AC5CA /* BaseVC */,
				365010D82955ADC2003F3262 /* Tabbar  */,
				3636F30729548170001D886A /* Profile VC */,
				3636F30629548165001D886A /* Employee VC */,
				3636F3032954770B001D886A /* HomeVC */,
				0904419129558DEE0088941F /* Add Employee Screen */,
				3695507829519E01009AEB62 /* Splash Screen */,
				3695507929519E17009AEB62 /* Login Screen */,
				3695507729519D88009AEB62 /* Views */,
				3695507529519CDF009AEB62 /* Utils */,
				090441A12955920E0088941F /* Extensions */,
			);
			path = Presentation;
			sourceTree = "<group>";
		};
		3695507429519C73009AEB62 /* Resources */ = {
			isa = PBXGroup;
			children = (
				3695504A29519AA0009AEB62 /* Assets.xcassets */,
			);
			path = Resources;
			sourceTree = "<group>";
		};
		3695507529519CDF009AEB62 /* Utils */ = {
			isa = PBXGroup;
			children = (
				36C775E82952FB7F00CD4A17 /* Fonts */,
				3695509F2951CF6B009AEB62 /* ServersVariants */,
			);
			path = Utils;
			sourceTree = "<group>";
		};
		3695507729519D88009AEB62 /* Views */ = {
			isa = PBXGroup;
			children = (
				3695504729519A9E009AEB62 /* Main.storyboard */,
			);
			path = Views;
			sourceTree = "<group>";
		};
		3695507829519E01009AEB62 /* Splash Screen */ = {
			isa = PBXGroup;
			children = (
				3695504C29519AA0009AEB62 /* LaunchScreen.storyboard */,
			);
			path = "Splash Screen";
			sourceTree = "<group>";
		};
		3695507929519E17009AEB62 /* Login Screen */ = {
			isa = PBXGroup;
			children = (
				3695504529519A9E009AEB62 /* LoginVC.swift */,
			);
			path = "Login Screen";
			sourceTree = "<group>";
		};
		3695509F2951CF6B009AEB62 /* ServersVariants */ = {
			isa = PBXGroup;
			children = (
				09283D2129531B8A00256FD8 /* ServerConfig.swift */,
			);
			path = ServersVariants;
			sourceTree = "<group>";
		};
		36C775E82952FB7F00CD4A17 /* Fonts */ = {
			isa = PBXGroup;
			children = (
				090441D8295599F50088941F /* Montserrat-Medium.otf */,
				09283D2329531CCB00256FD8 /* Montserrat-SemiBold.otf */,
				09283D1F29531A9700256FD8 /* Montserrat-Regular.otf */,
				09283D1E29531A8C00256FD8 /* Montserrat-Bold.otf */,
			);
			path = Fonts;
			sourceTree = "<group>";
		};
		36FE65F82954A07F003E9CC0 /* Cells */ = {
			isa = PBXGroup;
			children = (
				36FE65F92954A0A3003E9CC0 /* EmployeesTableViewCell.swift */,
				36FE65FA2954A0A3003E9CC0 /* EmployeesTableViewCell.xib */,
			);
			path = Cells;
			sourceTree = "<group>";
		};
		6CE2B86402C41ADD0A1285C8 /* Pods */ = {
			isa = PBXGroup;
			children = (
				8E78661B7C5CE265BD67A8C0 /* Pods-RPB.debug.xcconfig */,
				8B0199036BBC6268FA64FBBC /* Pods-RPB.debugproduction.xcconfig */,
				C6C0C5525FC4D04E02FA0300 /* Pods-RPB.debugdev.xcconfig */,
				23B2FDCDEFCA66A6888B49DA /* Pods-RPB.debugqa.xcconfig */,
				9856EDA143AFC0A36B3C0E5D /* Pods-RPB.release.xcconfig */,
				B14E42B96AC79BD4CB2BCC16 /* Pods-RPB.releaseproduction.xcconfig */,
				8A89843F7C276D4C05914EC5 /* Pods-RPB.releasedev.xcconfig */,
				C9F385A334A13631DDAC0E80 /* Pods-RPB.releaseqa.xcconfig */,
				649667B6685AABB7DD3C367E /* Pods-RPB-RPBUITests.debug.xcconfig */,
				741F81B5D147D9485B4B2614 /* Pods-RPB-RPBUITests.debugproduction.xcconfig */,
				ABD8840EA41EF2B4752078EC /* Pods-RPB-RPBUITests.debugdev.xcconfig */,
				164528275600028EE2EE589C /* Pods-RPB-RPBUITests.debugqa.xcconfig */,
				D84A088DB002AA2061848332 /* Pods-RPB-RPBUITests.release.xcconfig */,
				0F2344F2CFF9BCBC3CA03F8E /* Pods-RPB-RPBUITests.releaseproduction.xcconfig */,
				D342C2691682769EFA5BD3B8 /* Pods-RPB-RPBUITests.releasedev.xcconfig */,
				C3B2EADD3EB239120A746153 /* Pods-RPB-RPBUITests.releaseqa.xcconfig */,
				E9325897EDA257A3E760FFDC /* Pods-RPBTests.debug.xcconfig */,
				A083B843D23EAFA5EF4D9D25 /* Pods-RPBTests.debugproduction.xcconfig */,
				0BA2D4D5F79B27C1E0242BBE /* Pods-RPBTests.debugdev.xcconfig */,
				528A5F1F077A0B4A66C97555 /* Pods-RPBTests.debugqa.xcconfig */,
				2324538490149D208DA077A6 /* Pods-RPBTests.release.xcconfig */,
				F9487A1BECA925D6A328A62F /* Pods-RPBTests.releaseproduction.xcconfig */,
				22EF633B9F77D99322A1835A /* Pods-RPBTests.releasedev.xcconfig */,
				6682F80CBA3D63ABEF27E473 /* Pods-RPBTests.releaseqa.xcconfig */,
			);
			path = Pods;
			sourceTree = "<group>";
		};
		CE7EB7E665947BC5C78A64AA /* Frameworks */ = {
			isa = PBXGroup;
			children = (
				DD3D06738362C369E89B8B28 /* Pods_RPB.framework */,
				37FD77DEDA03678A73A25717 /* Pods_RPB_RPBUITests.framework */,
				D40216E1D4D4C2D5D685E6CF /* Pods_RPBTests.framework */,
			);
			name = Frameworks;
			sourceTree = "<group>";
		};
/* End PBXGroup section */

/* Begin PBXNativeTarget section */
		3695503D29519A9E009AEB62 /* RPB */ = {
			isa = PBXNativeTarget;
			buildConfigurationList = 3695506829519AA0009AEB62 /* Build configuration list for PBXNativeTarget "RPB" */;
			buildPhases = (
				A615A86D0334442B756D4CD0 /* [CP] Check Pods Manifest.lock */,
				3695503A29519A9E009AEB62 /* Sources */,
				3695503B29519A9E009AEB62 /* Frameworks */,
				3695503C29519A9E009AEB62 /* Resources */,
				098FA589196C502630323D46 /* [CP] Embed Pods Frameworks */,
			);
			buildRules = (
			);
			dependencies = (
			);
			name = RPB;
			productName = RPB;
			productReference = 365010D42955A3D4003F3262 /* RPB.app */;
			productType = "com.apple.product-type.application";
		};
		3695505329519AA0009AEB62 /* RPBTests */ = {
			isa = PBXNativeTarget;
			buildConfigurationList = 3695506B29519AA0009AEB62 /* Build configuration list for PBXNativeTarget "RPBTests" */;
			buildPhases = (
				E82A9BD9B7E0344B7C9C980D /* [CP] Check Pods Manifest.lock */,
				3695505029519AA0009AEB62 /* Sources */,
				3695505129519AA0009AEB62 /* Frameworks */,
				3695505229519AA0009AEB62 /* Resources */,
			);
			buildRules = (
			);
			dependencies = (
				3695505629519AA0009AEB62 /* PBXTargetDependency */,
			);
			name = RPBTests;
			productName = RPBTests;
			productReference = 365010D52955A3D4003F3262 /* RPBTests.xctest */;
			productType = "com.apple.product-type.bundle.unit-test";
		};
		3695505D29519AA0009AEB62 /* RPBUITests */ = {
			isa = PBXNativeTarget;
			buildConfigurationList = 3695506E29519AA0009AEB62 /* Build configuration list for PBXNativeTarget "RPBUITests" */;
			buildPhases = (
				67AE28030CE036B0D88F9BAA /* [CP] Check Pods Manifest.lock */,
				3695505A29519AA0009AEB62 /* Sources */,
				3695505B29519AA0009AEB62 /* Frameworks */,
				3695505C29519AA0009AEB62 /* Resources */,
				53B8D287AD8062B06B2BEDAA /* [CP] Embed Pods Frameworks */,
			);
			buildRules = (
			);
			dependencies = (
				3695506029519AA0009AEB62 /* PBXTargetDependency */,
			);
			name = RPBUITests;
			productName = RPBUITests;
			productReference = 365010D62955A3D4003F3262 /* RPBUITests.xctest */;
			productType = "com.apple.product-type.bundle.ui-testing";
		};
/* End PBXNativeTarget section */

/* Begin PBXProject section */
		3695503629519A9E009AEB62 /* Project object */ = {
			isa = PBXProject;
			attributes = {
				BuildIndependentTargetsInParallel = 1;
				LastSwiftUpdateCheck = 1420;
				LastUpgradeCheck = 1420;
				TargetAttributes = {
					3695503D29519A9E009AEB62 = {
						CreatedOnToolsVersion = 14.2;
					};
					3695505329519AA0009AEB62 = {
						CreatedOnToolsVersion = 14.2;
						TestTargetID = 3695503D29519A9E009AEB62;
					};
					3695505D29519AA0009AEB62 = {
						CreatedOnToolsVersion = 14.2;
						TestTargetID = 3695503D29519A9E009AEB62;
					};
				};
			};
			buildConfigurationList = 3695503929519A9E009AEB62 /* Build configuration list for PBXProject "RPB" */;
			compatibilityVersion = "Xcode 14.0";
			developmentRegion = en;
			hasScannedForEncodings = 0;
			knownRegions = (
				en,
				Base,
			);
			mainGroup = 3695503529519A9E009AEB62;
			productRefGroup = 3695503529519A9E009AEB62;
			projectDirPath = "";
			projectRoot = "";
			targets = (
				3695503D29519A9E009AEB62 /* RPB */,
				3695505329519AA0009AEB62 /* RPBTests */,
				3695505D29519AA0009AEB62 /* RPBUITests */,
			);
		};
/* End PBXProject section */

/* Begin PBXResourcesBuildPhase section */
		3695503C29519A9E009AEB62 /* Resources */ = {
			isa = PBXResourcesBuildPhase;
			buildActionMask = 2147483647;
			files = (
				090441CC295595BF0088941F /* Main.storyboard in Resources */,
				090441CD295595D60088941F /* Montserrat-SemiBold.otf in Resources */,
				090441CE295595D90088941F /* Montserrat-Regular.otf in Resources */,
				090441CF295595DB0088941F /* Montserrat-Bold.otf in Resources */,
				094131372955F0F0008AC5CA /* ProfileTVCell.xib in Resources */,
				090441D0295595F70088941F /* Assets.xcassets in Resources */,
				090441D9295599F50088941F /* Montserrat-Medium.otf in Resources */,
				090441D5295597980088941F /* EmployeesTableViewCell.xib in Resources */,
			);
			runOnlyForDeploymentPostprocessing = 0;
		};
		3695505229519AA0009AEB62 /* Resources */ = {
			isa = PBXResourcesBuildPhase;
			buildActionMask = 2147483647;
			files = (
			);
			runOnlyForDeploymentPostprocessing = 0;
		};
		3695505C29519AA0009AEB62 /* Resources */ = {
			isa = PBXResourcesBuildPhase;
			buildActionMask = 2147483647;
			files = (
			);
			runOnlyForDeploymentPostprocessing = 0;
		};
/* End PBXResourcesBuildPhase section */

/* Begin PBXShellScriptBuildPhase section */
		098FA589196C502630323D46 /* [CP] Embed Pods Frameworks */ = {
			isa = PBXShellScriptBuildPhase;
			buildActionMask = 2147483647;
			files = (
			);
			inputFileListPaths = (
				"${PODS_ROOT}/Target Support Files/Pods-RPB/Pods-RPB-frameworks-${CONFIGURATION}-input-files.xcfilelist",
			);
			name = "[CP] Embed Pods Frameworks";
			outputFileListPaths = (
				"${PODS_ROOT}/Target Support Files/Pods-RPB/Pods-RPB-frameworks-${CONFIGURATION}-output-files.xcfilelist",
			);
			runOnlyForDeploymentPostprocessing = 0;
			shellPath = /bin/sh;
			shellScript = "\"${PODS_ROOT}/Target Support Files/Pods-RPB/Pods-RPB-frameworks.sh\"\n";
			showEnvVarsInLog = 0;
		};
		53B8D287AD8062B06B2BEDAA /* [CP] Embed Pods Frameworks */ = {
			isa = PBXShellScriptBuildPhase;
			buildActionMask = 2147483647;
			files = (
			);
			inputFileListPaths = (
				"${PODS_ROOT}/Target Support Files/Pods-RPB-RPBUITests/Pods-RPB-RPBUITests-frameworks-${CONFIGURATION}-input-files.xcfilelist",
			);
			name = "[CP] Embed Pods Frameworks";
			outputFileListPaths = (
				"${PODS_ROOT}/Target Support Files/Pods-RPB-RPBUITests/Pods-RPB-RPBUITests-frameworks-${CONFIGURATION}-output-files.xcfilelist",
			);
			runOnlyForDeploymentPostprocessing = 0;
			shellPath = /bin/sh;
			shellScript = "\"${PODS_ROOT}/Target Support Files/Pods-RPB-RPBUITests/Pods-RPB-RPBUITests-frameworks.sh\"\n";
			showEnvVarsInLog = 0;
		};
		67AE28030CE036B0D88F9BAA /* [CP] Check Pods Manifest.lock */ = {
			isa = PBXShellScriptBuildPhase;
			buildActionMask = 2147483647;
			files = (
			);
			inputFileListPaths = (
			);
			inputPaths = (
				"${PODS_PODFILE_DIR_PATH}/Podfile.lock",
				"${PODS_ROOT}/Manifest.lock",
			);
			name = "[CP] Check Pods Manifest.lock";
			outputFileListPaths = (
			);
			outputPaths = (
				"$(DERIVED_FILE_DIR)/Pods-RPB-RPBUITests-checkManifestLockResult.txt",
			);
			runOnlyForDeploymentPostprocessing = 0;
			shellPath = /bin/sh;
			shellScript = "diff \"${PODS_PODFILE_DIR_PATH}/Podfile.lock\" \"${PODS_ROOT}/Manifest.lock\" > /dev/null\nif [ $? != 0 ] ; then\n    # print error to STDERR\n    echo \"error: The sandbox is not in sync with the Podfile.lock. Run 'pod install' or update your CocoaPods installation.\" >&2\n    exit 1\nfi\n# This output is used by Xcode 'outputs' to avoid re-running this script phase.\necho \"SUCCESS\" > \"${SCRIPT_OUTPUT_FILE_0}\"\n";
			showEnvVarsInLog = 0;
		};
		A615A86D0334442B756D4CD0 /* [CP] Check Pods Manifest.lock */ = {
			isa = PBXShellScriptBuildPhase;
			buildActionMask = 2147483647;
			files = (
			);
			inputFileListPaths = (
			);
			inputPaths = (
				"${PODS_PODFILE_DIR_PATH}/Podfile.lock",
				"${PODS_ROOT}/Manifest.lock",
			);
			name = "[CP] Check Pods Manifest.lock";
			outputFileListPaths = (
			);
			outputPaths = (
				"$(DERIVED_FILE_DIR)/Pods-RPB-checkManifestLockResult.txt",
			);
			runOnlyForDeploymentPostprocessing = 0;
			shellPath = /bin/sh;
			shellScript = "diff \"${PODS_PODFILE_DIR_PATH}/Podfile.lock\" \"${PODS_ROOT}/Manifest.lock\" > /dev/null\nif [ $? != 0 ] ; then\n    # print error to STDERR\n    echo \"error: The sandbox is not in sync with the Podfile.lock. Run 'pod install' or update your CocoaPods installation.\" >&2\n    exit 1\nfi\n# This output is used by Xcode 'outputs' to avoid re-running this script phase.\necho \"SUCCESS\" > \"${SCRIPT_OUTPUT_FILE_0}\"\n";
			showEnvVarsInLog = 0;
		};
		E82A9BD9B7E0344B7C9C980D /* [CP] Check Pods Manifest.lock */ = {
			isa = PBXShellScriptBuildPhase;
			buildActionMask = 2147483647;
			files = (
			);
			inputFileListPaths = (
			);
			inputPaths = (
				"${PODS_PODFILE_DIR_PATH}/Podfile.lock",
				"${PODS_ROOT}/Manifest.lock",
			);
			name = "[CP] Check Pods Manifest.lock";
			outputFileListPaths = (
			);
			outputPaths = (
				"$(DERIVED_FILE_DIR)/Pods-RPBTests-checkManifestLockResult.txt",
			);
			runOnlyForDeploymentPostprocessing = 0;
			shellPath = /bin/sh;
			shellScript = "diff \"${PODS_PODFILE_DIR_PATH}/Podfile.lock\" \"${PODS_ROOT}/Manifest.lock\" > /dev/null\nif [ $? != 0 ] ; then\n    # print error to STDERR\n    echo \"error: The sandbox is not in sync with the Podfile.lock. Run 'pod install' or update your CocoaPods installation.\" >&2\n    exit 1\nfi\n# This output is used by Xcode 'outputs' to avoid re-running this script phase.\necho \"SUCCESS\" > \"${SCRIPT_OUTPUT_FILE_0}\"\n";
			showEnvVarsInLog = 0;
		};
/* End PBXShellScriptBuildPhase section */

/* Begin PBXSourcesBuildPhase section */
		3695503A29519A9E009AEB62 /* Sources */ = {
			isa = PBXSourcesBuildPhase;
			buildActionMask = 2147483647;
			files = (
				0941311F2955B55F008AC5CA /* String.swift in Sources */,
				3636F30B295481A8001D886A /* ProfileVC.swift in Sources */,
				0904419829558E920088941F /* AddEmployeeVC.swift in Sources */,
				365010DA2955ADE1003F3262 /* TabbarVC.swift in Sources */,
				090441B22955920E0088941F /* CustomColor.swift in Sources */,
				090441B32955920E0088941F /* CustomFont.swift in Sources */,
				3636F30529547728001D886A /* HomeVC.swift in Sources */,
				365010E42955EC33003F3262 /* SettingVC.swift in Sources */,
				36FE65FB2954A0A3003E9CC0 /* EmployeesTableViewCell.swift in Sources */,
				090441B72955920E0088941F /* Date.swift in Sources */,
				090441B62955920E0088941F /* BaseURL.swift in Sources */,
				3695504629519A9E009AEB62 /* LoginVC.swift in Sources */,
				3695504229519A9E009AEB62 /* AppDelegate.swift in Sources */,
				098D04F829598065001C2F05 /* CameraHandler.swift in Sources */,
				090441B92955920E0088941F /* UITextField.swift in Sources */,
				090441B82955920E0088941F /* UIImageView.swift in Sources */,
				3636F3092954818E001D886A /* EmployeeVC.swift in Sources */,
				0941311C2955B3E8008AC5CA /* BaseVC.swift in Sources */,
				094131362955F0F0008AC5CA /* ProfileTVCell.swift in Sources */,
				09283D2229531B8A00256FD8 /* ServerConfig.swift in Sources */,
				090441B52955920E0088941F /* UIView.swift in Sources */,
				3695504429519A9E009AEB62 /* SceneDelegate.swift in Sources */,
				090441B42955920E0088941F /* UIButton.swift in Sources */,
				365010DD2955CBD2003F3262 /* TableView.swift in Sources */,
			);
			runOnlyForDeploymentPostprocessing = 0;
		};
		3695505029519AA0009AEB62 /* Sources */ = {
			isa = PBXSourcesBuildPhase;
			buildActionMask = 2147483647;
			files = (
				3695505929519AA0009AEB62 /* RPBTests.swift in Sources */,
			);
			runOnlyForDeploymentPostprocessing = 0;
		};
		3695505A29519AA0009AEB62 /* Sources */ = {
			isa = PBXSourcesBuildPhase;
			buildActionMask = 2147483647;
			files = (
				3695506329519AA0009AEB62 /* RPBUITests.swift in Sources */,
				3695506529519AA0009AEB62 /* RPBUITestsLaunchTests.swift in Sources */,
			);
			runOnlyForDeploymentPostprocessing = 0;
		};
/* End PBXSourcesBuildPhase section */

/* Begin PBXTargetDependency section */
		3695505629519AA0009AEB62 /* PBXTargetDependency */ = {
			isa = PBXTargetDependency;
			target = 3695503D29519A9E009AEB62 /* RPB */;
			targetProxy = 3695505529519AA0009AEB62 /* PBXContainerItemProxy */;
		};
		3695506029519AA0009AEB62 /* PBXTargetDependency */ = {
			isa = PBXTargetDependency;
			target = 3695503D29519A9E009AEB62 /* RPB */;
			targetProxy = 3695505F29519AA0009AEB62 /* PBXContainerItemProxy */;
		};
/* End PBXTargetDependency section */

/* Begin PBXVariantGroup section */
		3695504729519A9E009AEB62 /* Main.storyboard */ = {
			isa = PBXVariantGroup;
			children = (
				3695504829519A9E009AEB62 /* Base */,
			);
			name = Main.storyboard;
			sourceTree = "<group>";
		};
		3695504C29519AA0009AEB62 /* LaunchScreen.storyboard */ = {
			isa = PBXVariantGroup;
			children = (
				3695504D29519AA0009AEB62 /* Base */,
			);
			name = LaunchScreen.storyboard;
			sourceTree = "<group>";
		};
/* End PBXVariantGroup section */

/* Begin XCBuildConfiguration section */
		3695506629519AA0009AEB62 /* Debug */ = {
			isa = XCBuildConfiguration;
			buildSettings = {
				ALWAYS_SEARCH_USER_PATHS = NO;
				CLANG_ANALYZER_NONNULL = YES;
				CLANG_ANALYZER_NUMBER_OBJECT_CONVERSION = YES_AGGRESSIVE;
				CLANG_CXX_LANGUAGE_STANDARD = "gnu++20";
				CLANG_ENABLE_MODULES = YES;
				CLANG_ENABLE_OBJC_ARC = YES;
				CLANG_ENABLE_OBJC_WEAK = YES;
				CLANG_WARN_BLOCK_CAPTURE_AUTORELEASING = YES;
				CLANG_WARN_BOOL_CONVERSION = YES;
				CLANG_WARN_COMMA = YES;
				CLANG_WARN_CONSTANT_CONVERSION = YES;
				CLANG_WARN_DEPRECATED_OBJC_IMPLEMENTATIONS = YES;
				CLANG_WARN_DIRECT_OBJC_ISA_USAGE = YES_ERROR;
				CLANG_WARN_DOCUMENTATION_COMMENTS = YES;
				CLANG_WARN_EMPTY_BODY = YES;
				CLANG_WARN_ENUM_CONVERSION = YES;
				CLANG_WARN_INFINITE_RECURSION = YES;
				CLANG_WARN_INT_CONVERSION = YES;
				CLANG_WARN_NON_LITERAL_NULL_CONVERSION = YES;
				CLANG_WARN_OBJC_IMPLICIT_RETAIN_SELF = YES;
				CLANG_WARN_OBJC_LITERAL_CONVERSION = YES;
				CLANG_WARN_OBJC_ROOT_CLASS = YES_ERROR;
				CLANG_WARN_QUOTED_INCLUDE_IN_FRAMEWORK_HEADER = YES;
				CLANG_WARN_RANGE_LOOP_ANALYSIS = YES;
				CLANG_WARN_STRICT_PROTOTYPES = YES;
				CLANG_WARN_SUSPICIOUS_MOVE = YES;
				CLANG_WARN_UNGUARDED_AVAILABILITY = YES_AGGRESSIVE;
				CLANG_WARN_UNREACHABLE_CODE = YES;
				CLANG_WARN__DUPLICATE_METHOD_MATCH = YES;
				COPY_PHASE_STRIP = NO;
				DEBUG_INFORMATION_FORMAT = dwarf;
				ENABLE_STRICT_OBJC_MSGSEND = YES;
				ENABLE_TESTABILITY = YES;
				GCC_C_LANGUAGE_STANDARD = gnu11;
				GCC_DYNAMIC_NO_PIC = NO;
				GCC_NO_COMMON_BLOCKS = YES;
				GCC_OPTIMIZATION_LEVEL = 0;
				GCC_PREPROCESSOR_DEFINITIONS = (
					"DEBUG=1",
					"$(inherited)",
				);
				GCC_WARN_64_TO_32_BIT_CONVERSION = YES;
				GCC_WARN_ABOUT_RETURN_TYPE = YES_ERROR;
				GCC_WARN_UNDECLARED_SELECTOR = YES;
				GCC_WARN_UNINITIALIZED_AUTOS = YES_AGGRESSIVE;
				GCC_WARN_UNUSED_FUNCTION = YES;
				GCC_WARN_UNUSED_VARIABLE = YES;
				IPHONEOS_DEPLOYMENT_TARGET = 16.2;
				MTL_ENABLE_DEBUG_INFO = INCLUDE_SOURCE;
				MTL_FAST_MATH = YES;
				ONLY_ACTIVE_ARCH = YES;
				SDKROOT = iphoneos;
				SWIFT_ACTIVE_COMPILATION_CONDITIONS = DEBUG;
				SWIFT_OPTIMIZATION_LEVEL = "-Onone";
			};
			name = Debug;
		};
		3695506729519AA0009AEB62 /* Release */ = {
			isa = XCBuildConfiguration;
			buildSettings = {
				ALWAYS_SEARCH_USER_PATHS = NO;
				CLANG_ANALYZER_NONNULL = YES;
				CLANG_ANALYZER_NUMBER_OBJECT_CONVERSION = YES_AGGRESSIVE;
				CLANG_CXX_LANGUAGE_STANDARD = "gnu++20";
				CLANG_ENABLE_MODULES = YES;
				CLANG_ENABLE_OBJC_ARC = YES;
				CLANG_ENABLE_OBJC_WEAK = YES;
				CLANG_WARN_BLOCK_CAPTURE_AUTORELEASING = YES;
				CLANG_WARN_BOOL_CONVERSION = YES;
				CLANG_WARN_COMMA = YES;
				CLANG_WARN_CONSTANT_CONVERSION = YES;
				CLANG_WARN_DEPRECATED_OBJC_IMPLEMENTATIONS = YES;
				CLANG_WARN_DIRECT_OBJC_ISA_USAGE = YES_ERROR;
				CLANG_WARN_DOCUMENTATION_COMMENTS = YES;
				CLANG_WARN_EMPTY_BODY = YES;
				CLANG_WARN_ENUM_CONVERSION = YES;
				CLANG_WARN_INFINITE_RECURSION = YES;
				CLANG_WARN_INT_CONVERSION = YES;
				CLANG_WARN_NON_LITERAL_NULL_CONVERSION = YES;
				CLANG_WARN_OBJC_IMPLICIT_RETAIN_SELF = YES;
				CLANG_WARN_OBJC_LITERAL_CONVERSION = YES;
				CLANG_WARN_OBJC_ROOT_CLASS = YES_ERROR;
				CLANG_WARN_QUOTED_INCLUDE_IN_FRAMEWORK_HEADER = YES;
				CLANG_WARN_RANGE_LOOP_ANALYSIS = YES;
				CLANG_WARN_STRICT_PROTOTYPES = YES;
				CLANG_WARN_SUSPICIOUS_MOVE = YES;
				CLANG_WARN_UNGUARDED_AVAILABILITY = YES_AGGRESSIVE;
				CLANG_WARN_UNREACHABLE_CODE = YES;
				CLANG_WARN__DUPLICATE_METHOD_MATCH = YES;
				COPY_PHASE_STRIP = NO;
				DEBUG_INFORMATION_FORMAT = "dwarf-with-dsym";
				ENABLE_NS_ASSERTIONS = NO;
				ENABLE_STRICT_OBJC_MSGSEND = YES;
				GCC_C_LANGUAGE_STANDARD = gnu11;
				GCC_NO_COMMON_BLOCKS = YES;
				GCC_WARN_64_TO_32_BIT_CONVERSION = YES;
				GCC_WARN_ABOUT_RETURN_TYPE = YES_ERROR;
				GCC_WARN_UNDECLARED_SELECTOR = YES;
				GCC_WARN_UNINITIALIZED_AUTOS = YES_AGGRESSIVE;
				GCC_WARN_UNUSED_FUNCTION = YES;
				GCC_WARN_UNUSED_VARIABLE = YES;
				IPHONEOS_DEPLOYMENT_TARGET = 16.2;
				MTL_ENABLE_DEBUG_INFO = NO;
				MTL_FAST_MATH = YES;
				SDKROOT = iphoneos;
				SWIFT_COMPILATION_MODE = wholemodule;
				SWIFT_OPTIMIZATION_LEVEL = "-O";
				VALIDATE_PRODUCT = YES;
			};
			name = Release;
		};
		3695506929519AA0009AEB62 /* Debug */ = {
			isa = XCBuildConfiguration;
			baseConfigurationReference = 8E78661B7C5CE265BD67A8C0 /* Pods-RPB.debug.xcconfig */;
			buildSettings = {
				ASSETCATALOG_COMPILER_APPICON_NAME = AppIcon;
				ASSETCATALOG_COMPILER_GLOBAL_ACCENT_COLOR_NAME = AccentColor;
				CODE_SIGN_STYLE = Automatic;
				CURRENT_PROJECT_VERSION = 1;
				DEVELOPMENT_TEAM = 8GKH78N8MS;
				GENERATE_INFOPLIST_FILE = YES;
				INFOPLIST_FILE = RPB/Info.plist;
				INFOPLIST_KEY_UIApplicationSupportsIndirectInputEvents = YES;
				INFOPLIST_KEY_UILaunchStoryboardName = LaunchScreen;
				INFOPLIST_KEY_UIMainStoryboardFile = Main;
				INFOPLIST_KEY_UISupportedInterfaceOrientations_iPad = "UIInterfaceOrientationPortrait UIInterfaceOrientationPortraitUpsideDown UIInterfaceOrientationLandscapeLeft UIInterfaceOrientationLandscapeRight";
				INFOPLIST_KEY_UISupportedInterfaceOrientations_iPhone = "UIInterfaceOrientationPortrait UIInterfaceOrientationLandscapeLeft UIInterfaceOrientationLandscapeRight";
				IPHONEOS_DEPLOYMENT_TARGET = 15.0;
				LD_RUNPATH_SEARCH_PATHS = (
					"$(inherited)",
					"@executable_path/Frameworks",
				);
				MARKETING_VERSION = 1.0;
				PRODUCT_BUNDLE_IDENTIFIER = "Synavos-Solutions.RPB";
				PRODUCT_NAME = "$(TARGET_NAME)";
				SWIFT_ACTIVE_COMPILATION_CONDITIONS = "DEBUG LOCAL";
				SWIFT_EMIT_LOC_STRINGS = YES;
				SWIFT_VERSION = 5.0;
				TARGETED_DEVICE_FAMILY = "1,2";
			};
			name = Debug;
		};
		3695506A29519AA0009AEB62 /* Release */ = {
			isa = XCBuildConfiguration;
			baseConfigurationReference = 9856EDA143AFC0A36B3C0E5D /* Pods-RPB.release.xcconfig */;
			buildSettings = {
				ASSETCATALOG_COMPILER_APPICON_NAME = AppIcon;
				ASSETCATALOG_COMPILER_GLOBAL_ACCENT_COLOR_NAME = AccentColor;
				CODE_SIGN_STYLE = Automatic;
				CURRENT_PROJECT_VERSION = 1;
				DEVELOPMENT_TEAM = 8GKH78N8MS;
				GENERATE_INFOPLIST_FILE = YES;
				INFOPLIST_FILE = RPB/Info.plist;
				INFOPLIST_KEY_UIApplicationSupportsIndirectInputEvents = YES;
				INFOPLIST_KEY_UILaunchStoryboardName = LaunchScreen;
				INFOPLIST_KEY_UIMainStoryboardFile = Main;
				INFOPLIST_KEY_UISupportedInterfaceOrientations_iPad = "UIInterfaceOrientationPortrait UIInterfaceOrientationPortraitUpsideDown UIInterfaceOrientationLandscapeLeft UIInterfaceOrientationLandscapeRight";
				INFOPLIST_KEY_UISupportedInterfaceOrientations_iPhone = "UIInterfaceOrientationPortrait UIInterfaceOrientationLandscapeLeft UIInterfaceOrientationLandscapeRight";
				IPHONEOS_DEPLOYMENT_TARGET = 15.0;
				LD_RUNPATH_SEARCH_PATHS = (
					"$(inherited)",
					"@executable_path/Frameworks",
				);
				MARKETING_VERSION = 1.0;
				PRODUCT_BUNDLE_IDENTIFIER = "Synavos-Solutions.RPB";
				PRODUCT_NAME = "$(TARGET_NAME)";
				SWIFT_ACTIVE_COMPILATION_CONDITIONS = LOCAL;
				SWIFT_EMIT_LOC_STRINGS = YES;
				SWIFT_VERSION = 5.0;
				TARGETED_DEVICE_FAMILY = "1,2";
			};
			name = Release;
		};
		3695506C29519AA0009AEB62 /* Debug */ = {
			isa = XCBuildConfiguration;
			baseConfigurationReference = E9325897EDA257A3E760FFDC /* Pods-RPBTests.debug.xcconfig */;
			buildSettings = {
				ALWAYS_EMBED_SWIFT_STANDARD_LIBRARIES = YES;
				BUNDLE_LOADER = "$(TEST_HOST)";
				CODE_SIGN_STYLE = Automatic;
				CURRENT_PROJECT_VERSION = 1;
				DEVELOPMENT_TEAM = 4C39L2R9YT;
				GENERATE_INFOPLIST_FILE = YES;
				IPHONEOS_DEPLOYMENT_TARGET = 16.2;
				MARKETING_VERSION = 1.0;
				PRODUCT_BUNDLE_IDENTIFIER = "Synavos-Solutions.RPBTests";
				PRODUCT_NAME = "$(TARGET_NAME)";
				SWIFT_EMIT_LOC_STRINGS = NO;
				SWIFT_VERSION = 5.0;
				TARGETED_DEVICE_FAMILY = "1,2";
				TEST_HOST = "$(BUILT_PRODUCTS_DIR)/RPB.app/$(BUNDLE_EXECUTABLE_FOLDER_PATH)/RPB";
			};
			name = Debug;
		};
		3695506D29519AA0009AEB62 /* Release */ = {
			isa = XCBuildConfiguration;
			baseConfigurationReference = 2324538490149D208DA077A6 /* Pods-RPBTests.release.xcconfig */;
			buildSettings = {
				ALWAYS_EMBED_SWIFT_STANDARD_LIBRARIES = YES;
				BUNDLE_LOADER = "$(TEST_HOST)";
				CODE_SIGN_STYLE = Automatic;
				CURRENT_PROJECT_VERSION = 1;
				DEVELOPMENT_TEAM = 4C39L2R9YT;
				GENERATE_INFOPLIST_FILE = YES;
				IPHONEOS_DEPLOYMENT_TARGET = 16.2;
				MARKETING_VERSION = 1.0;
				PRODUCT_BUNDLE_IDENTIFIER = "Synavos-Solutions.RPBTests";
				PRODUCT_NAME = "$(TARGET_NAME)";
				SWIFT_EMIT_LOC_STRINGS = NO;
				SWIFT_VERSION = 5.0;
				TARGETED_DEVICE_FAMILY = "1,2";
				TEST_HOST = "$(BUILT_PRODUCTS_DIR)/RPB.app/$(BUNDLE_EXECUTABLE_FOLDER_PATH)/RPB";
			};
			name = Release;
		};
		3695506F29519AA0009AEB62 /* Debug */ = {
			isa = XCBuildConfiguration;
			baseConfigurationReference = 649667B6685AABB7DD3C367E /* Pods-RPB-RPBUITests.debug.xcconfig */;
			buildSettings = {
				ALWAYS_EMBED_SWIFT_STANDARD_LIBRARIES = YES;
				CODE_SIGN_STYLE = Automatic;
				CURRENT_PROJECT_VERSION = 1;
				DEVELOPMENT_TEAM = 4C39L2R9YT;
				GENERATE_INFOPLIST_FILE = YES;
				MARKETING_VERSION = 1.0;
				PRODUCT_BUNDLE_IDENTIFIER = "Synavos-Solutions.RPBUITests";
				PRODUCT_NAME = "$(TARGET_NAME)";
				SWIFT_EMIT_LOC_STRINGS = NO;
				SWIFT_VERSION = 5.0;
				TARGETED_DEVICE_FAMILY = "1,2";
				TEST_TARGET_NAME = RPB;
			};
			name = Debug;
		};
		3695507029519AA0009AEB62 /* Release */ = {
			isa = XCBuildConfiguration;
			baseConfigurationReference = D84A088DB002AA2061848332 /* Pods-RPB-RPBUITests.release.xcconfig */;
			buildSettings = {
				ALWAYS_EMBED_SWIFT_STANDARD_LIBRARIES = YES;
				CODE_SIGN_STYLE = Automatic;
				CURRENT_PROJECT_VERSION = 1;
				DEVELOPMENT_TEAM = 4C39L2R9YT;
				GENERATE_INFOPLIST_FILE = YES;
				MARKETING_VERSION = 1.0;
				PRODUCT_BUNDLE_IDENTIFIER = "Synavos-Solutions.RPBUITests";
				PRODUCT_NAME = "$(TARGET_NAME)";
				SWIFT_EMIT_LOC_STRINGS = NO;
				SWIFT_VERSION = 5.0;
				TARGETED_DEVICE_FAMILY = "1,2";
				TEST_TARGET_NAME = RPB;
			};
			name = Release;
		};
		369550832951CD68009AEB62 /* DebugQA */ = {
			isa = XCBuildConfiguration;
			buildSettings = {
				ALWAYS_SEARCH_USER_PATHS = NO;
				CLANG_ANALYZER_NONNULL = YES;
				CLANG_ANALYZER_NUMBER_OBJECT_CONVERSION = YES_AGGRESSIVE;
				CLANG_CXX_LANGUAGE_STANDARD = "gnu++20";
				CLANG_ENABLE_MODULES = YES;
				CLANG_ENABLE_OBJC_ARC = YES;
				CLANG_ENABLE_OBJC_WEAK = YES;
				CLANG_WARN_BLOCK_CAPTURE_AUTORELEASING = YES;
				CLANG_WARN_BOOL_CONVERSION = YES;
				CLANG_WARN_COMMA = YES;
				CLANG_WARN_CONSTANT_CONVERSION = YES;
				CLANG_WARN_DEPRECATED_OBJC_IMPLEMENTATIONS = YES;
				CLANG_WARN_DIRECT_OBJC_ISA_USAGE = YES_ERROR;
				CLANG_WARN_DOCUMENTATION_COMMENTS = YES;
				CLANG_WARN_EMPTY_BODY = YES;
				CLANG_WARN_ENUM_CONVERSION = YES;
				CLANG_WARN_INFINITE_RECURSION = YES;
				CLANG_WARN_INT_CONVERSION = YES;
				CLANG_WARN_NON_LITERAL_NULL_CONVERSION = YES;
				CLANG_WARN_OBJC_IMPLICIT_RETAIN_SELF = YES;
				CLANG_WARN_OBJC_LITERAL_CONVERSION = YES;
				CLANG_WARN_OBJC_ROOT_CLASS = YES_ERROR;
				CLANG_WARN_QUOTED_INCLUDE_IN_FRAMEWORK_HEADER = YES;
				CLANG_WARN_RANGE_LOOP_ANALYSIS = YES;
				CLANG_WARN_STRICT_PROTOTYPES = YES;
				CLANG_WARN_SUSPICIOUS_MOVE = YES;
				CLANG_WARN_UNGUARDED_AVAILABILITY = YES_AGGRESSIVE;
				CLANG_WARN_UNREACHABLE_CODE = YES;
				CLANG_WARN__DUPLICATE_METHOD_MATCH = YES;
				COPY_PHASE_STRIP = NO;
				DEBUG_INFORMATION_FORMAT = dwarf;
				ENABLE_STRICT_OBJC_MSGSEND = YES;
				ENABLE_TESTABILITY = YES;
				GCC_C_LANGUAGE_STANDARD = gnu11;
				GCC_DYNAMIC_NO_PIC = NO;
				GCC_NO_COMMON_BLOCKS = YES;
				GCC_OPTIMIZATION_LEVEL = 0;
				GCC_PREPROCESSOR_DEFINITIONS = (
					"DEBUG=1",
					"$(inherited)",
				);
				GCC_WARN_64_TO_32_BIT_CONVERSION = YES;
				GCC_WARN_ABOUT_RETURN_TYPE = YES_ERROR;
				GCC_WARN_UNDECLARED_SELECTOR = YES;
				GCC_WARN_UNINITIALIZED_AUTOS = YES_AGGRESSIVE;
				GCC_WARN_UNUSED_FUNCTION = YES;
				GCC_WARN_UNUSED_VARIABLE = YES;
				IPHONEOS_DEPLOYMENT_TARGET = 16.2;
				MTL_ENABLE_DEBUG_INFO = INCLUDE_SOURCE;
				MTL_FAST_MATH = YES;
				ONLY_ACTIVE_ARCH = YES;
				SDKROOT = iphoneos;
				SWIFT_ACTIVE_COMPILATION_CONDITIONS = DEBUG;
				SWIFT_OPTIMIZATION_LEVEL = "-Onone";
			};
			name = DebugQA;
		};
		369550842951CD68009AEB62 /* DebugQA */ = {
			isa = XCBuildConfiguration;
			baseConfigurationReference = 23B2FDCDEFCA66A6888B49DA /* Pods-RPB.debugqa.xcconfig */;
			buildSettings = {
				ASSETCATALOG_COMPILER_APPICON_NAME = AppIcon;
				ASSETCATALOG_COMPILER_GLOBAL_ACCENT_COLOR_NAME = AccentColor;
				CODE_SIGN_STYLE = Automatic;
				CURRENT_PROJECT_VERSION = 1;
				DEVELOPMENT_TEAM = 8GKH78N8MS;
				GENERATE_INFOPLIST_FILE = YES;
				INFOPLIST_FILE = RPB/Info.plist;
				INFOPLIST_KEY_UIApplicationSupportsIndirectInputEvents = YES;
				INFOPLIST_KEY_UILaunchStoryboardName = LaunchScreen;
				INFOPLIST_KEY_UIMainStoryboardFile = Main;
				INFOPLIST_KEY_UISupportedInterfaceOrientations_iPad = "UIInterfaceOrientationPortrait UIInterfaceOrientationPortraitUpsideDown UIInterfaceOrientationLandscapeLeft UIInterfaceOrientationLandscapeRight";
				INFOPLIST_KEY_UISupportedInterfaceOrientations_iPhone = "UIInterfaceOrientationPortrait UIInterfaceOrientationLandscapeLeft UIInterfaceOrientationLandscapeRight";
				IPHONEOS_DEPLOYMENT_TARGET = 15.0;
				LD_RUNPATH_SEARCH_PATHS = (
					"$(inherited)",
					"@executable_path/Frameworks",
				);
				MARKETING_VERSION = 1.0;
				PRODUCT_BUNDLE_IDENTIFIER = "Synavos-Solutions.RPB";
				PRODUCT_NAME = "$(TARGET_NAME)";
				SWIFT_ACTIVE_COMPILATION_CONDITIONS = "DEBUG QA";
				SWIFT_EMIT_LOC_STRINGS = YES;
				SWIFT_VERSION = 5.0;
				TARGETED_DEVICE_FAMILY = "1,2";
			};
			name = DebugQA;
		};
		369550852951CD68009AEB62 /* DebugQA */ = {
			isa = XCBuildConfiguration;
			baseConfigurationReference = 528A5F1F077A0B4A66C97555 /* Pods-RPBTests.debugqa.xcconfig */;
			buildSettings = {
				ALWAYS_EMBED_SWIFT_STANDARD_LIBRARIES = YES;
				BUNDLE_LOADER = "$(TEST_HOST)";
				CODE_SIGN_STYLE = Automatic;
				CURRENT_PROJECT_VERSION = 1;
				DEVELOPMENT_TEAM = 4C39L2R9YT;
				GENERATE_INFOPLIST_FILE = YES;
				IPHONEOS_DEPLOYMENT_TARGET = 16.2;
				MARKETING_VERSION = 1.0;
				PRODUCT_BUNDLE_IDENTIFIER = "Synavos-Solutions.RPBTests";
				PRODUCT_NAME = "$(TARGET_NAME)";
				SWIFT_EMIT_LOC_STRINGS = NO;
				SWIFT_VERSION = 5.0;
				TARGETED_DEVICE_FAMILY = "1,2";
				TEST_HOST = "$(BUILT_PRODUCTS_DIR)/RPB.app/$(BUNDLE_EXECUTABLE_FOLDER_PATH)/RPB";
			};
			name = DebugQA;
		};
		369550862951CD68009AEB62 /* DebugQA */ = {
			isa = XCBuildConfiguration;
			baseConfigurationReference = 164528275600028EE2EE589C /* Pods-RPB-RPBUITests.debugqa.xcconfig */;
			buildSettings = {
				ALWAYS_EMBED_SWIFT_STANDARD_LIBRARIES = YES;
				CODE_SIGN_STYLE = Automatic;
				CURRENT_PROJECT_VERSION = 1;
				DEVELOPMENT_TEAM = 4C39L2R9YT;
				GENERATE_INFOPLIST_FILE = YES;
				MARKETING_VERSION = 1.0;
				PRODUCT_BUNDLE_IDENTIFIER = "Synavos-Solutions.RPBUITests";
				PRODUCT_NAME = "$(TARGET_NAME)";
				SWIFT_EMIT_LOC_STRINGS = NO;
				SWIFT_VERSION = 5.0;
				TARGETED_DEVICE_FAMILY = "1,2";
				TEST_TARGET_NAME = RPB;
			};
			name = DebugQA;
		};
		369550872951CD71009AEB62 /* ReleaseQA */ = {
			isa = XCBuildConfiguration;
			buildSettings = {
				ALWAYS_SEARCH_USER_PATHS = NO;
				CLANG_ANALYZER_NONNULL = YES;
				CLANG_ANALYZER_NUMBER_OBJECT_CONVERSION = YES_AGGRESSIVE;
				CLANG_CXX_LANGUAGE_STANDARD = "gnu++20";
				CLANG_ENABLE_MODULES = YES;
				CLANG_ENABLE_OBJC_ARC = YES;
				CLANG_ENABLE_OBJC_WEAK = YES;
				CLANG_WARN_BLOCK_CAPTURE_AUTORELEASING = YES;
				CLANG_WARN_BOOL_CONVERSION = YES;
				CLANG_WARN_COMMA = YES;
				CLANG_WARN_CONSTANT_CONVERSION = YES;
				CLANG_WARN_DEPRECATED_OBJC_IMPLEMENTATIONS = YES;
				CLANG_WARN_DIRECT_OBJC_ISA_USAGE = YES_ERROR;
				CLANG_WARN_DOCUMENTATION_COMMENTS = YES;
				CLANG_WARN_EMPTY_BODY = YES;
				CLANG_WARN_ENUM_CONVERSION = YES;
				CLANG_WARN_INFINITE_RECURSION = YES;
				CLANG_WARN_INT_CONVERSION = YES;
				CLANG_WARN_NON_LITERAL_NULL_CONVERSION = YES;
				CLANG_WARN_OBJC_IMPLICIT_RETAIN_SELF = YES;
				CLANG_WARN_OBJC_LITERAL_CONVERSION = YES;
				CLANG_WARN_OBJC_ROOT_CLASS = YES_ERROR;
				CLANG_WARN_QUOTED_INCLUDE_IN_FRAMEWORK_HEADER = YES;
				CLANG_WARN_RANGE_LOOP_ANALYSIS = YES;
				CLANG_WARN_STRICT_PROTOTYPES = YES;
				CLANG_WARN_SUSPICIOUS_MOVE = YES;
				CLANG_WARN_UNGUARDED_AVAILABILITY = YES_AGGRESSIVE;
				CLANG_WARN_UNREACHABLE_CODE = YES;
				CLANG_WARN__DUPLICATE_METHOD_MATCH = YES;
				COPY_PHASE_STRIP = NO;
				DEBUG_INFORMATION_FORMAT = "dwarf-with-dsym";
				ENABLE_NS_ASSERTIONS = NO;
				ENABLE_STRICT_OBJC_MSGSEND = YES;
				GCC_C_LANGUAGE_STANDARD = gnu11;
				GCC_NO_COMMON_BLOCKS = YES;
				GCC_WARN_64_TO_32_BIT_CONVERSION = YES;
				GCC_WARN_ABOUT_RETURN_TYPE = YES_ERROR;
				GCC_WARN_UNDECLARED_SELECTOR = YES;
				GCC_WARN_UNINITIALIZED_AUTOS = YES_AGGRESSIVE;
				GCC_WARN_UNUSED_FUNCTION = YES;
				GCC_WARN_UNUSED_VARIABLE = YES;
				IPHONEOS_DEPLOYMENT_TARGET = 16.2;
				MTL_ENABLE_DEBUG_INFO = NO;
				MTL_FAST_MATH = YES;
				SDKROOT = iphoneos;
				SWIFT_COMPILATION_MODE = wholemodule;
				SWIFT_OPTIMIZATION_LEVEL = "-O";
				VALIDATE_PRODUCT = YES;
			};
			name = ReleaseQA;
		};
		369550882951CD71009AEB62 /* ReleaseQA */ = {
			isa = XCBuildConfiguration;
			baseConfigurationReference = C9F385A334A13631DDAC0E80 /* Pods-RPB.releaseqa.xcconfig */;
			buildSettings = {
				ASSETCATALOG_COMPILER_APPICON_NAME = AppIcon;
				ASSETCATALOG_COMPILER_GLOBAL_ACCENT_COLOR_NAME = AccentColor;
				CODE_SIGN_STYLE = Automatic;
				CURRENT_PROJECT_VERSION = 1;
				DEVELOPMENT_TEAM = 8GKH78N8MS;
				GENERATE_INFOPLIST_FILE = YES;
				INFOPLIST_FILE = RPB/Info.plist;
				INFOPLIST_KEY_UIApplicationSupportsIndirectInputEvents = YES;
				INFOPLIST_KEY_UILaunchStoryboardName = LaunchScreen;
				INFOPLIST_KEY_UIMainStoryboardFile = Main;
				INFOPLIST_KEY_UISupportedInterfaceOrientations_iPad = "UIInterfaceOrientationPortrait UIInterfaceOrientationPortraitUpsideDown UIInterfaceOrientationLandscapeLeft UIInterfaceOrientationLandscapeRight";
				INFOPLIST_KEY_UISupportedInterfaceOrientations_iPhone = "UIInterfaceOrientationPortrait UIInterfaceOrientationLandscapeLeft UIInterfaceOrientationLandscapeRight";
				IPHONEOS_DEPLOYMENT_TARGET = 15.0;
				LD_RUNPATH_SEARCH_PATHS = (
					"$(inherited)",
					"@executable_path/Frameworks",
				);
				MARKETING_VERSION = 1.0;
				PRODUCT_BUNDLE_IDENTIFIER = "Synavos-Solutions.RPB";
				PRODUCT_NAME = "$(TARGET_NAME)";
				SWIFT_ACTIVE_COMPILATION_CONDITIONS = QA;
				SWIFT_EMIT_LOC_STRINGS = YES;
				SWIFT_VERSION = 5.0;
				TARGETED_DEVICE_FAMILY = "1,2";
			};
			name = ReleaseQA;
		};
		369550892951CD71009AEB62 /* ReleaseQA */ = {
			isa = XCBuildConfiguration;
			baseConfigurationReference = 6682F80CBA3D63ABEF27E473 /* Pods-RPBTests.releaseqa.xcconfig */;
			buildSettings = {
				ALWAYS_EMBED_SWIFT_STANDARD_LIBRARIES = YES;
				BUNDLE_LOADER = "$(TEST_HOST)";
				CODE_SIGN_STYLE = Automatic;
				CURRENT_PROJECT_VERSION = 1;
				DEVELOPMENT_TEAM = 4C39L2R9YT;
				GENERATE_INFOPLIST_FILE = YES;
				IPHONEOS_DEPLOYMENT_TARGET = 16.2;
				MARKETING_VERSION = 1.0;
				PRODUCT_BUNDLE_IDENTIFIER = "Synavos-Solutions.RPBTests";
				PRODUCT_NAME = "$(TARGET_NAME)";
				SWIFT_EMIT_LOC_STRINGS = NO;
				SWIFT_VERSION = 5.0;
				TARGETED_DEVICE_FAMILY = "1,2";
				TEST_HOST = "$(BUILT_PRODUCTS_DIR)/RPB.app/$(BUNDLE_EXECUTABLE_FOLDER_PATH)/RPB";
			};
			name = ReleaseQA;
		};
		3695508A2951CD71009AEB62 /* ReleaseQA */ = {
			isa = XCBuildConfiguration;
			baseConfigurationReference = C3B2EADD3EB239120A746153 /* Pods-RPB-RPBUITests.releaseqa.xcconfig */;
			buildSettings = {
				ALWAYS_EMBED_SWIFT_STANDARD_LIBRARIES = YES;
				CODE_SIGN_STYLE = Automatic;
				CURRENT_PROJECT_VERSION = 1;
				DEVELOPMENT_TEAM = 4C39L2R9YT;
				GENERATE_INFOPLIST_FILE = YES;
				MARKETING_VERSION = 1.0;
				PRODUCT_BUNDLE_IDENTIFIER = "Synavos-Solutions.RPBUITests";
				PRODUCT_NAME = "$(TARGET_NAME)";
				SWIFT_EMIT_LOC_STRINGS = NO;
				SWIFT_VERSION = 5.0;
				TARGETED_DEVICE_FAMILY = "1,2";
				TEST_TARGET_NAME = RPB;
			};
			name = ReleaseQA;
		};
		3695508B2951CD7B009AEB62 /* DebugDEV */ = {
			isa = XCBuildConfiguration;
			buildSettings = {
				ALWAYS_SEARCH_USER_PATHS = NO;
				CLANG_ANALYZER_NONNULL = YES;
				CLANG_ANALYZER_NUMBER_OBJECT_CONVERSION = YES_AGGRESSIVE;
				CLANG_CXX_LANGUAGE_STANDARD = "gnu++20";
				CLANG_ENABLE_MODULES = YES;
				CLANG_ENABLE_OBJC_ARC = YES;
				CLANG_ENABLE_OBJC_WEAK = YES;
				CLANG_WARN_BLOCK_CAPTURE_AUTORELEASING = YES;
				CLANG_WARN_BOOL_CONVERSION = YES;
				CLANG_WARN_COMMA = YES;
				CLANG_WARN_CONSTANT_CONVERSION = YES;
				CLANG_WARN_DEPRECATED_OBJC_IMPLEMENTATIONS = YES;
				CLANG_WARN_DIRECT_OBJC_ISA_USAGE = YES_ERROR;
				CLANG_WARN_DOCUMENTATION_COMMENTS = YES;
				CLANG_WARN_EMPTY_BODY = YES;
				CLANG_WARN_ENUM_CONVERSION = YES;
				CLANG_WARN_INFINITE_RECURSION = YES;
				CLANG_WARN_INT_CONVERSION = YES;
				CLANG_WARN_NON_LITERAL_NULL_CONVERSION = YES;
				CLANG_WARN_OBJC_IMPLICIT_RETAIN_SELF = YES;
				CLANG_WARN_OBJC_LITERAL_CONVERSION = YES;
				CLANG_WARN_OBJC_ROOT_CLASS = YES_ERROR;
				CLANG_WARN_QUOTED_INCLUDE_IN_FRAMEWORK_HEADER = YES;
				CLANG_WARN_RANGE_LOOP_ANALYSIS = YES;
				CLANG_WARN_STRICT_PROTOTYPES = YES;
				CLANG_WARN_SUSPICIOUS_MOVE = YES;
				CLANG_WARN_UNGUARDED_AVAILABILITY = YES_AGGRESSIVE;
				CLANG_WARN_UNREACHABLE_CODE = YES;
				CLANG_WARN__DUPLICATE_METHOD_MATCH = YES;
				COPY_PHASE_STRIP = NO;
				DEBUG_INFORMATION_FORMAT = dwarf;
				ENABLE_STRICT_OBJC_MSGSEND = YES;
				ENABLE_TESTABILITY = YES;
				GCC_C_LANGUAGE_STANDARD = gnu11;
				GCC_DYNAMIC_NO_PIC = NO;
				GCC_NO_COMMON_BLOCKS = YES;
				GCC_OPTIMIZATION_LEVEL = 0;
				GCC_PREPROCESSOR_DEFINITIONS = (
					"DEBUG=1",
					"$(inherited)",
				);
				GCC_WARN_64_TO_32_BIT_CONVERSION = YES;
				GCC_WARN_ABOUT_RETURN_TYPE = YES_ERROR;
				GCC_WARN_UNDECLARED_SELECTOR = YES;
				GCC_WARN_UNINITIALIZED_AUTOS = YES_AGGRESSIVE;
				GCC_WARN_UNUSED_FUNCTION = YES;
				GCC_WARN_UNUSED_VARIABLE = YES;
				IPHONEOS_DEPLOYMENT_TARGET = 16.2;
				MTL_ENABLE_DEBUG_INFO = INCLUDE_SOURCE;
				MTL_FAST_MATH = YES;
				ONLY_ACTIVE_ARCH = YES;
				SDKROOT = iphoneos;
				SWIFT_ACTIVE_COMPILATION_CONDITIONS = DEBUG;
				SWIFT_OPTIMIZATION_LEVEL = "-Onone";
			};
			name = DebugDEV;
		};
		3695508C2951CD7B009AEB62 /* DebugDEV */ = {
			isa = XCBuildConfiguration;
			baseConfigurationReference = C6C0C5525FC4D04E02FA0300 /* Pods-RPB.debugdev.xcconfig */;
			buildSettings = {
				ASSETCATALOG_COMPILER_APPICON_NAME = AppIcon;
				ASSETCATALOG_COMPILER_GLOBAL_ACCENT_COLOR_NAME = AccentColor;
				CODE_SIGN_STYLE = Automatic;
				CURRENT_PROJECT_VERSION = 1;
				DEVELOPMENT_TEAM = 8GKH78N8MS;
				GENERATE_INFOPLIST_FILE = YES;
				INFOPLIST_FILE = RPB/Info.plist;
				INFOPLIST_KEY_UIApplicationSupportsIndirectInputEvents = YES;
				INFOPLIST_KEY_UILaunchStoryboardName = LaunchScreen;
				INFOPLIST_KEY_UIMainStoryboardFile = Main;
				INFOPLIST_KEY_UISupportedInterfaceOrientations_iPad = "UIInterfaceOrientationPortrait UIInterfaceOrientationPortraitUpsideDown UIInterfaceOrientationLandscapeLeft UIInterfaceOrientationLandscapeRight";
				INFOPLIST_KEY_UISupportedInterfaceOrientations_iPhone = "UIInterfaceOrientationPortrait UIInterfaceOrientationLandscapeLeft UIInterfaceOrientationLandscapeRight";
				IPHONEOS_DEPLOYMENT_TARGET = 15.0;
				LD_RUNPATH_SEARCH_PATHS = (
					"$(inherited)",
					"@executable_path/Frameworks",
				);
				MARKETING_VERSION = 1.0;
				PRODUCT_BUNDLE_IDENTIFIER = "Synavos-Solutions.RPB";
				PRODUCT_NAME = "$(TARGET_NAME)";
				SWIFT_ACTIVE_COMPILATION_CONDITIONS = "DEBUG DEV";
				SWIFT_EMIT_LOC_STRINGS = YES;
				SWIFT_VERSION = 5.0;
				TARGETED_DEVICE_FAMILY = "1,2";
			};
			name = DebugDEV;
		};
		3695508D2951CD7B009AEB62 /* DebugDEV */ = {
			isa = XCBuildConfiguration;
			baseConfigurationReference = 0BA2D4D5F79B27C1E0242BBE /* Pods-RPBTests.debugdev.xcconfig */;
			buildSettings = {
				ALWAYS_EMBED_SWIFT_STANDARD_LIBRARIES = YES;
				BUNDLE_LOADER = "$(TEST_HOST)";
				CODE_SIGN_STYLE = Automatic;
				CURRENT_PROJECT_VERSION = 1;
				DEVELOPMENT_TEAM = 4C39L2R9YT;
				GENERATE_INFOPLIST_FILE = YES;
				IPHONEOS_DEPLOYMENT_TARGET = 16.2;
				MARKETING_VERSION = 1.0;
				PRODUCT_BUNDLE_IDENTIFIER = "Synavos-Solutions.RPBTests";
				PRODUCT_NAME = "$(TARGET_NAME)";
				SWIFT_EMIT_LOC_STRINGS = NO;
				SWIFT_VERSION = 5.0;
				TARGETED_DEVICE_FAMILY = "1,2";
				TEST_HOST = "$(BUILT_PRODUCTS_DIR)/RPB.app/$(BUNDLE_EXECUTABLE_FOLDER_PATH)/RPB";
			};
			name = DebugDEV;
		};
		3695508E2951CD7B009AEB62 /* DebugDEV */ = {
			isa = XCBuildConfiguration;
			baseConfigurationReference = ABD8840EA41EF2B4752078EC /* Pods-RPB-RPBUITests.debugdev.xcconfig */;
			buildSettings = {
				ALWAYS_EMBED_SWIFT_STANDARD_LIBRARIES = YES;
				CODE_SIGN_STYLE = Automatic;
				CURRENT_PROJECT_VERSION = 1;
				DEVELOPMENT_TEAM = 4C39L2R9YT;
				GENERATE_INFOPLIST_FILE = YES;
				MARKETING_VERSION = 1.0;
				PRODUCT_BUNDLE_IDENTIFIER = "Synavos-Solutions.RPBUITests";
				PRODUCT_NAME = "$(TARGET_NAME)";
				SWIFT_EMIT_LOC_STRINGS = NO;
				SWIFT_VERSION = 5.0;
				TARGETED_DEVICE_FAMILY = "1,2";
				TEST_TARGET_NAME = RPB;
			};
			name = DebugDEV;
		};
		3695508F2951CDAD009AEB62 /* ReleaseDEV */ = {
			isa = XCBuildConfiguration;
			buildSettings = {
				ALWAYS_SEARCH_USER_PATHS = NO;
				CLANG_ANALYZER_NONNULL = YES;
				CLANG_ANALYZER_NUMBER_OBJECT_CONVERSION = YES_AGGRESSIVE;
				CLANG_CXX_LANGUAGE_STANDARD = "gnu++20";
				CLANG_ENABLE_MODULES = YES;
				CLANG_ENABLE_OBJC_ARC = YES;
				CLANG_ENABLE_OBJC_WEAK = YES;
				CLANG_WARN_BLOCK_CAPTURE_AUTORELEASING = YES;
				CLANG_WARN_BOOL_CONVERSION = YES;
				CLANG_WARN_COMMA = YES;
				CLANG_WARN_CONSTANT_CONVERSION = YES;
				CLANG_WARN_DEPRECATED_OBJC_IMPLEMENTATIONS = YES;
				CLANG_WARN_DIRECT_OBJC_ISA_USAGE = YES_ERROR;
				CLANG_WARN_DOCUMENTATION_COMMENTS = YES;
				CLANG_WARN_EMPTY_BODY = YES;
				CLANG_WARN_ENUM_CONVERSION = YES;
				CLANG_WARN_INFINITE_RECURSION = YES;
				CLANG_WARN_INT_CONVERSION = YES;
				CLANG_WARN_NON_LITERAL_NULL_CONVERSION = YES;
				CLANG_WARN_OBJC_IMPLICIT_RETAIN_SELF = YES;
				CLANG_WARN_OBJC_LITERAL_CONVERSION = YES;
				CLANG_WARN_OBJC_ROOT_CLASS = YES_ERROR;
				CLANG_WARN_QUOTED_INCLUDE_IN_FRAMEWORK_HEADER = YES;
				CLANG_WARN_RANGE_LOOP_ANALYSIS = YES;
				CLANG_WARN_STRICT_PROTOTYPES = YES;
				CLANG_WARN_SUSPICIOUS_MOVE = YES;
				CLANG_WARN_UNGUARDED_AVAILABILITY = YES_AGGRESSIVE;
				CLANG_WARN_UNREACHABLE_CODE = YES;
				CLANG_WARN__DUPLICATE_METHOD_MATCH = YES;
				COPY_PHASE_STRIP = NO;
				DEBUG_INFORMATION_FORMAT = "dwarf-with-dsym";
				ENABLE_NS_ASSERTIONS = NO;
				ENABLE_STRICT_OBJC_MSGSEND = YES;
				GCC_C_LANGUAGE_STANDARD = gnu11;
				GCC_NO_COMMON_BLOCKS = YES;
				GCC_WARN_64_TO_32_BIT_CONVERSION = YES;
				GCC_WARN_ABOUT_RETURN_TYPE = YES_ERROR;
				GCC_WARN_UNDECLARED_SELECTOR = YES;
				GCC_WARN_UNINITIALIZED_AUTOS = YES_AGGRESSIVE;
				GCC_WARN_UNUSED_FUNCTION = YES;
				GCC_WARN_UNUSED_VARIABLE = YES;
				IPHONEOS_DEPLOYMENT_TARGET = 16.2;
				MTL_ENABLE_DEBUG_INFO = NO;
				MTL_FAST_MATH = YES;
				SDKROOT = iphoneos;
				SWIFT_COMPILATION_MODE = wholemodule;
				SWIFT_OPTIMIZATION_LEVEL = "-O";
				VALIDATE_PRODUCT = YES;
			};
			name = ReleaseDEV;
		};
		369550902951CDAD009AEB62 /* ReleaseDEV */ = {
			isa = XCBuildConfiguration;
			baseConfigurationReference = 8A89843F7C276D4C05914EC5 /* Pods-RPB.releasedev.xcconfig */;
			buildSettings = {
				ASSETCATALOG_COMPILER_APPICON_NAME = AppIcon;
				ASSETCATALOG_COMPILER_GLOBAL_ACCENT_COLOR_NAME = AccentColor;
				CODE_SIGN_STYLE = Automatic;
				CURRENT_PROJECT_VERSION = 1;
				DEVELOPMENT_TEAM = 8GKH78N8MS;
				GENERATE_INFOPLIST_FILE = YES;
				INFOPLIST_FILE = RPB/Info.plist;
				INFOPLIST_KEY_UIApplicationSupportsIndirectInputEvents = YES;
				INFOPLIST_KEY_UILaunchStoryboardName = LaunchScreen;
				INFOPLIST_KEY_UIMainStoryboardFile = Main;
				INFOPLIST_KEY_UISupportedInterfaceOrientations_iPad = "UIInterfaceOrientationPortrait UIInterfaceOrientationPortraitUpsideDown UIInterfaceOrientationLandscapeLeft UIInterfaceOrientationLandscapeRight";
				INFOPLIST_KEY_UISupportedInterfaceOrientations_iPhone = "UIInterfaceOrientationPortrait UIInterfaceOrientationLandscapeLeft UIInterfaceOrientationLandscapeRight";
				IPHONEOS_DEPLOYMENT_TARGET = 15.0;
				LD_RUNPATH_SEARCH_PATHS = (
					"$(inherited)",
					"@executable_path/Frameworks",
				);
				MARKETING_VERSION = 1.0;
				PRODUCT_BUNDLE_IDENTIFIER = "Synavos-Solutions.RPB";
				PRODUCT_NAME = "$(TARGET_NAME)";
				SWIFT_ACTIVE_COMPILATION_CONDITIONS = DEV;
				SWIFT_EMIT_LOC_STRINGS = YES;
				SWIFT_VERSION = 5.0;
				TARGETED_DEVICE_FAMILY = "1,2";
			};
			name = ReleaseDEV;
		};
		369550912951CDAD009AEB62 /* ReleaseDEV */ = {
			isa = XCBuildConfiguration;
			baseConfigurationReference = 22EF633B9F77D99322A1835A /* Pods-RPBTests.releasedev.xcconfig */;
			buildSettings = {
				ALWAYS_EMBED_SWIFT_STANDARD_LIBRARIES = YES;
				BUNDLE_LOADER = "$(TEST_HOST)";
				CODE_SIGN_STYLE = Automatic;
				CURRENT_PROJECT_VERSION = 1;
				DEVELOPMENT_TEAM = 4C39L2R9YT;
				GENERATE_INFOPLIST_FILE = YES;
				IPHONEOS_DEPLOYMENT_TARGET = 16.2;
				MARKETING_VERSION = 1.0;
				PRODUCT_BUNDLE_IDENTIFIER = "Synavos-Solutions.RPBTests";
				PRODUCT_NAME = "$(TARGET_NAME)";
				SWIFT_EMIT_LOC_STRINGS = NO;
				SWIFT_VERSION = 5.0;
				TARGETED_DEVICE_FAMILY = "1,2";
				TEST_HOST = "$(BUILT_PRODUCTS_DIR)/RPB.app/$(BUNDLE_EXECUTABLE_FOLDER_PATH)/RPB";
			};
			name = ReleaseDEV;
		};
		369550922951CDAD009AEB62 /* ReleaseDEV */ = {
			isa = XCBuildConfiguration;
			baseConfigurationReference = D342C2691682769EFA5BD3B8 /* Pods-RPB-RPBUITests.releasedev.xcconfig */;
			buildSettings = {
				ALWAYS_EMBED_SWIFT_STANDARD_LIBRARIES = YES;
				CODE_SIGN_STYLE = Automatic;
				CURRENT_PROJECT_VERSION = 1;
				DEVELOPMENT_TEAM = 4C39L2R9YT;
				GENERATE_INFOPLIST_FILE = YES;
				MARKETING_VERSION = 1.0;
				PRODUCT_BUNDLE_IDENTIFIER = "Synavos-Solutions.RPBUITests";
				PRODUCT_NAME = "$(TARGET_NAME)";
				SWIFT_EMIT_LOC_STRINGS = NO;
				SWIFT_VERSION = 5.0;
				TARGETED_DEVICE_FAMILY = "1,2";
				TEST_TARGET_NAME = RPB;
			};
			name = ReleaseDEV;
		};
		369550932951CDB6009AEB62 /* DebugPRODUCTION */ = {
			isa = XCBuildConfiguration;
			buildSettings = {
				ALWAYS_SEARCH_USER_PATHS = NO;
				CLANG_ANALYZER_NONNULL = YES;
				CLANG_ANALYZER_NUMBER_OBJECT_CONVERSION = YES_AGGRESSIVE;
				CLANG_CXX_LANGUAGE_STANDARD = "gnu++20";
				CLANG_ENABLE_MODULES = YES;
				CLANG_ENABLE_OBJC_ARC = YES;
				CLANG_ENABLE_OBJC_WEAK = YES;
				CLANG_WARN_BLOCK_CAPTURE_AUTORELEASING = YES;
				CLANG_WARN_BOOL_CONVERSION = YES;
				CLANG_WARN_COMMA = YES;
				CLANG_WARN_CONSTANT_CONVERSION = YES;
				CLANG_WARN_DEPRECATED_OBJC_IMPLEMENTATIONS = YES;
				CLANG_WARN_DIRECT_OBJC_ISA_USAGE = YES_ERROR;
				CLANG_WARN_DOCUMENTATION_COMMENTS = YES;
				CLANG_WARN_EMPTY_BODY = YES;
				CLANG_WARN_ENUM_CONVERSION = YES;
				CLANG_WARN_INFINITE_RECURSION = YES;
				CLANG_WARN_INT_CONVERSION = YES;
				CLANG_WARN_NON_LITERAL_NULL_CONVERSION = YES;
				CLANG_WARN_OBJC_IMPLICIT_RETAIN_SELF = YES;
				CLANG_WARN_OBJC_LITERAL_CONVERSION = YES;
				CLANG_WARN_OBJC_ROOT_CLASS = YES_ERROR;
				CLANG_WARN_QUOTED_INCLUDE_IN_FRAMEWORK_HEADER = YES;
				CLANG_WARN_RANGE_LOOP_ANALYSIS = YES;
				CLANG_WARN_STRICT_PROTOTYPES = YES;
				CLANG_WARN_SUSPICIOUS_MOVE = YES;
				CLANG_WARN_UNGUARDED_AVAILABILITY = YES_AGGRESSIVE;
				CLANG_WARN_UNREACHABLE_CODE = YES;
				CLANG_WARN__DUPLICATE_METHOD_MATCH = YES;
				COPY_PHASE_STRIP = NO;
				DEBUG_INFORMATION_FORMAT = dwarf;
				ENABLE_STRICT_OBJC_MSGSEND = YES;
				ENABLE_TESTABILITY = YES;
				GCC_C_LANGUAGE_STANDARD = gnu11;
				GCC_DYNAMIC_NO_PIC = NO;
				GCC_NO_COMMON_BLOCKS = YES;
				GCC_OPTIMIZATION_LEVEL = 0;
				GCC_PREPROCESSOR_DEFINITIONS = (
					"DEBUG=1",
					"$(inherited)",
				);
				GCC_WARN_64_TO_32_BIT_CONVERSION = YES;
				GCC_WARN_ABOUT_RETURN_TYPE = YES_ERROR;
				GCC_WARN_UNDECLARED_SELECTOR = YES;
				GCC_WARN_UNINITIALIZED_AUTOS = YES_AGGRESSIVE;
				GCC_WARN_UNUSED_FUNCTION = YES;
				GCC_WARN_UNUSED_VARIABLE = YES;
				IPHONEOS_DEPLOYMENT_TARGET = 16.2;
				MTL_ENABLE_DEBUG_INFO = INCLUDE_SOURCE;
				MTL_FAST_MATH = YES;
				ONLY_ACTIVE_ARCH = YES;
				SDKROOT = iphoneos;
				SWIFT_ACTIVE_COMPILATION_CONDITIONS = DEBUG;
				SWIFT_OPTIMIZATION_LEVEL = "-Onone";
			};
			name = DebugPRODUCTION;
		};
		369550942951CDB6009AEB62 /* DebugPRODUCTION */ = {
			isa = XCBuildConfiguration;
			baseConfigurationReference = 8B0199036BBC6268FA64FBBC /* Pods-RPB.debugproduction.xcconfig */;
			buildSettings = {
				ASSETCATALOG_COMPILER_APPICON_NAME = AppIcon;
				ASSETCATALOG_COMPILER_GLOBAL_ACCENT_COLOR_NAME = AccentColor;
				CODE_SIGN_STYLE = Automatic;
				CURRENT_PROJECT_VERSION = 1;
				DEVELOPMENT_TEAM = 8GKH78N8MS;
				GENERATE_INFOPLIST_FILE = YES;
				INFOPLIST_FILE = RPB/Info.plist;
				INFOPLIST_KEY_UIApplicationSupportsIndirectInputEvents = YES;
				INFOPLIST_KEY_UILaunchStoryboardName = LaunchScreen;
				INFOPLIST_KEY_UIMainStoryboardFile = Main;
				INFOPLIST_KEY_UISupportedInterfaceOrientations_iPad = "UIInterfaceOrientationPortrait UIInterfaceOrientationPortraitUpsideDown UIInterfaceOrientationLandscapeLeft UIInterfaceOrientationLandscapeRight";
				INFOPLIST_KEY_UISupportedInterfaceOrientations_iPhone = "UIInterfaceOrientationPortrait UIInterfaceOrientationLandscapeLeft UIInterfaceOrientationLandscapeRight";
				IPHONEOS_DEPLOYMENT_TARGET = 15.0;
				LD_RUNPATH_SEARCH_PATHS = (
					"$(inherited)",
					"@executable_path/Frameworks",
				);
				MARKETING_VERSION = 1.0;
				PRODUCT_BUNDLE_IDENTIFIER = "Synavos-Solutions.RPB";
				PRODUCT_NAME = "$(TARGET_NAME)";
				SWIFT_ACTIVE_COMPILATION_CONDITIONS = "DEBUG PRODUCTION";
				SWIFT_EMIT_LOC_STRINGS = YES;
				SWIFT_VERSION = 5.0;
				TARGETED_DEVICE_FAMILY = "1,2";
			};
			name = DebugPRODUCTION;
		};
		369550952951CDB6009AEB62 /* DebugPRODUCTION */ = {
			isa = XCBuildConfiguration;
			baseConfigurationReference = A083B843D23EAFA5EF4D9D25 /* Pods-RPBTests.debugproduction.xcconfig */;
			buildSettings = {
				ALWAYS_EMBED_SWIFT_STANDARD_LIBRARIES = YES;
				BUNDLE_LOADER = "$(TEST_HOST)";
				CODE_SIGN_STYLE = Automatic;
				CURRENT_PROJECT_VERSION = 1;
				DEVELOPMENT_TEAM = 4C39L2R9YT;
				GENERATE_INFOPLIST_FILE = YES;
				IPHONEOS_DEPLOYMENT_TARGET = 16.2;
				MARKETING_VERSION = 1.0;
				PRODUCT_BUNDLE_IDENTIFIER = "Synavos-Solutions.RPBTests";
				PRODUCT_NAME = "$(TARGET_NAME)";
				SWIFT_EMIT_LOC_STRINGS = NO;
				SWIFT_VERSION = 5.0;
				TARGETED_DEVICE_FAMILY = "1,2";
				TEST_HOST = "$(BUILT_PRODUCTS_DIR)/RPB.app/$(BUNDLE_EXECUTABLE_FOLDER_PATH)/RPB";
			};
			name = DebugPRODUCTION;
		};
		369550962951CDB6009AEB62 /* DebugPRODUCTION */ = {
			isa = XCBuildConfiguration;
			baseConfigurationReference = 741F81B5D147D9485B4B2614 /* Pods-RPB-RPBUITests.debugproduction.xcconfig */;
			buildSettings = {
				ALWAYS_EMBED_SWIFT_STANDARD_LIBRARIES = YES;
				CODE_SIGN_STYLE = Automatic;
				CURRENT_PROJECT_VERSION = 1;
				DEVELOPMENT_TEAM = 4C39L2R9YT;
				GENERATE_INFOPLIST_FILE = YES;
				MARKETING_VERSION = 1.0;
				PRODUCT_BUNDLE_IDENTIFIER = "Synavos-Solutions.RPBUITests";
				PRODUCT_NAME = "$(TARGET_NAME)";
				SWIFT_EMIT_LOC_STRINGS = NO;
				SWIFT_VERSION = 5.0;
				TARGETED_DEVICE_FAMILY = "1,2";
				TEST_TARGET_NAME = RPB;
			};
			name = DebugPRODUCTION;
		};
		3695509B2951CDFE009AEB62 /* ReleasePRODUCTION */ = {
			isa = XCBuildConfiguration;
			buildSettings = {
				ALWAYS_SEARCH_USER_PATHS = NO;
				CLANG_ANALYZER_NONNULL = YES;
				CLANG_ANALYZER_NUMBER_OBJECT_CONVERSION = YES_AGGRESSIVE;
				CLANG_CXX_LANGUAGE_STANDARD = "gnu++20";
				CLANG_ENABLE_MODULES = YES;
				CLANG_ENABLE_OBJC_ARC = YES;
				CLANG_ENABLE_OBJC_WEAK = YES;
				CLANG_WARN_BLOCK_CAPTURE_AUTORELEASING = YES;
				CLANG_WARN_BOOL_CONVERSION = YES;
				CLANG_WARN_COMMA = YES;
				CLANG_WARN_CONSTANT_CONVERSION = YES;
				CLANG_WARN_DEPRECATED_OBJC_IMPLEMENTATIONS = YES;
				CLANG_WARN_DIRECT_OBJC_ISA_USAGE = YES_ERROR;
				CLANG_WARN_DOCUMENTATION_COMMENTS = YES;
				CLANG_WARN_EMPTY_BODY = YES;
				CLANG_WARN_ENUM_CONVERSION = YES;
				CLANG_WARN_INFINITE_RECURSION = YES;
				CLANG_WARN_INT_CONVERSION = YES;
				CLANG_WARN_NON_LITERAL_NULL_CONVERSION = YES;
				CLANG_WARN_OBJC_IMPLICIT_RETAIN_SELF = YES;
				CLANG_WARN_OBJC_LITERAL_CONVERSION = YES;
				CLANG_WARN_OBJC_ROOT_CLASS = YES_ERROR;
				CLANG_WARN_QUOTED_INCLUDE_IN_FRAMEWORK_HEADER = YES;
				CLANG_WARN_RANGE_LOOP_ANALYSIS = YES;
				CLANG_WARN_STRICT_PROTOTYPES = YES;
				CLANG_WARN_SUSPICIOUS_MOVE = YES;
				CLANG_WARN_UNGUARDED_AVAILABILITY = YES_AGGRESSIVE;
				CLANG_WARN_UNREACHABLE_CODE = YES;
				CLANG_WARN__DUPLICATE_METHOD_MATCH = YES;
				COPY_PHASE_STRIP = NO;
				DEBUG_INFORMATION_FORMAT = "dwarf-with-dsym";
				ENABLE_NS_ASSERTIONS = NO;
				ENABLE_STRICT_OBJC_MSGSEND = YES;
				GCC_C_LANGUAGE_STANDARD = gnu11;
				GCC_NO_COMMON_BLOCKS = YES;
				GCC_WARN_64_TO_32_BIT_CONVERSION = YES;
				GCC_WARN_ABOUT_RETURN_TYPE = YES_ERROR;
				GCC_WARN_UNDECLARED_SELECTOR = YES;
				GCC_WARN_UNINITIALIZED_AUTOS = YES_AGGRESSIVE;
				GCC_WARN_UNUSED_FUNCTION = YES;
				GCC_WARN_UNUSED_VARIABLE = YES;
				IPHONEOS_DEPLOYMENT_TARGET = 16.2;
				MTL_ENABLE_DEBUG_INFO = NO;
				MTL_FAST_MATH = YES;
				SDKROOT = iphoneos;
				SWIFT_COMPILATION_MODE = wholemodule;
				SWIFT_OPTIMIZATION_LEVEL = "-O";
				VALIDATE_PRODUCT = YES;
			};
			name = ReleasePRODUCTION;
		};
		3695509C2951CDFE009AEB62 /* ReleasePRODUCTION */ = {
			isa = XCBuildConfiguration;
			baseConfigurationReference = B14E42B96AC79BD4CB2BCC16 /* Pods-RPB.releaseproduction.xcconfig */;
			buildSettings = {
				ASSETCATALOG_COMPILER_APPICON_NAME = AppIcon;
				ASSETCATALOG_COMPILER_GLOBAL_ACCENT_COLOR_NAME = AccentColor;
				CODE_SIGN_STYLE = Automatic;
				CURRENT_PROJECT_VERSION = 1;
				DEVELOPMENT_TEAM = 8GKH78N8MS;
				GENERATE_INFOPLIST_FILE = YES;
				INFOPLIST_FILE = RPB/Info.plist;
				INFOPLIST_KEY_UIApplicationSupportsIndirectInputEvents = YES;
				INFOPLIST_KEY_UILaunchStoryboardName = LaunchScreen;
				INFOPLIST_KEY_UIMainStoryboardFile = Main;
				INFOPLIST_KEY_UISupportedInterfaceOrientations_iPad = "UIInterfaceOrientationPortrait UIInterfaceOrientationPortraitUpsideDown UIInterfaceOrientationLandscapeLeft UIInterfaceOrientationLandscapeRight";
				INFOPLIST_KEY_UISupportedInterfaceOrientations_iPhone = "UIInterfaceOrientationPortrait UIInterfaceOrientationLandscapeLeft UIInterfaceOrientationLandscapeRight";
				IPHONEOS_DEPLOYMENT_TARGET = 15.0;
				LD_RUNPATH_SEARCH_PATHS = (
					"$(inherited)",
					"@executable_path/Frameworks",
				);
				MARKETING_VERSION = 1.0;
				PRODUCT_BUNDLE_IDENTIFIER = "Synavos-Solutions.RPB";
				PRODUCT_NAME = "$(TARGET_NAME)";
				SWIFT_ACTIVE_COMPILATION_CONDITIONS = PRODUCTION;
				SWIFT_EMIT_LOC_STRINGS = YES;
				SWIFT_VERSION = 5.0;
				TARGETED_DEVICE_FAMILY = "1,2";
			};
			name = ReleasePRODUCTION;
		};
		3695509D2951CDFE009AEB62 /* ReleasePRODUCTION */ = {
			isa = XCBuildConfiguration;
			baseConfigurationReference = F9487A1BECA925D6A328A62F /* Pods-RPBTests.releaseproduction.xcconfig */;
			buildSettings = {
				ALWAYS_EMBED_SWIFT_STANDARD_LIBRARIES = YES;
				BUNDLE_LOADER = "$(TEST_HOST)";
				CODE_SIGN_STYLE = Automatic;
				CURRENT_PROJECT_VERSION = 1;
				DEVELOPMENT_TEAM = 4C39L2R9YT;
				GENERATE_INFOPLIST_FILE = YES;
				IPHONEOS_DEPLOYMENT_TARGET = 16.2;
				MARKETING_VERSION = 1.0;
				PRODUCT_BUNDLE_IDENTIFIER = "Synavos-Solutions.RPBTests";
				PRODUCT_NAME = "$(TARGET_NAME)";
				SWIFT_EMIT_LOC_STRINGS = NO;
				SWIFT_VERSION = 5.0;
				TARGETED_DEVICE_FAMILY = "1,2";
				TEST_HOST = "$(BUILT_PRODUCTS_DIR)/RPB.app/$(BUNDLE_EXECUTABLE_FOLDER_PATH)/RPB";
			};
			name = ReleasePRODUCTION;
		};
		3695509E2951CDFE009AEB62 /* ReleasePRODUCTION */ = {
			isa = XCBuildConfiguration;
			baseConfigurationReference = 0F2344F2CFF9BCBC3CA03F8E /* Pods-RPB-RPBUITests.releaseproduction.xcconfig */;
			buildSettings = {
				ALWAYS_EMBED_SWIFT_STANDARD_LIBRARIES = YES;
				CODE_SIGN_STYLE = Automatic;
				CURRENT_PROJECT_VERSION = 1;
				DEVELOPMENT_TEAM = 4C39L2R9YT;
				GENERATE_INFOPLIST_FILE = YES;
				MARKETING_VERSION = 1.0;
				PRODUCT_BUNDLE_IDENTIFIER = "Synavos-Solutions.RPBUITests";
				PRODUCT_NAME = "$(TARGET_NAME)";
				SWIFT_EMIT_LOC_STRINGS = NO;
				SWIFT_VERSION = 5.0;
				TARGETED_DEVICE_FAMILY = "1,2";
				TEST_TARGET_NAME = RPB;
			};
			name = ReleasePRODUCTION;
		};
/* End XCBuildConfiguration section */

/* Begin XCConfigurationList section */
		3695503929519A9E009AEB62 /* Build configuration list for PBXProject "RPB" */ = {
			isa = XCConfigurationList;
			buildConfigurations = (
				3695506629519AA0009AEB62 /* Debug */,
				369550932951CDB6009AEB62 /* DebugPRODUCTION */,
				3695508B2951CD7B009AEB62 /* DebugDEV */,
				369550832951CD68009AEB62 /* DebugQA */,
				3695506729519AA0009AEB62 /* Release */,
				3695509B2951CDFE009AEB62 /* ReleasePRODUCTION */,
				3695508F2951CDAD009AEB62 /* ReleaseDEV */,
				369550872951CD71009AEB62 /* ReleaseQA */,
			);
			defaultConfigurationIsVisible = 0;
			defaultConfigurationName = Release;
		};
		3695506829519AA0009AEB62 /* Build configuration list for PBXNativeTarget "RPB" */ = {
			isa = XCConfigurationList;
			buildConfigurations = (
				3695506929519AA0009AEB62 /* Debug */,
				369550942951CDB6009AEB62 /* DebugPRODUCTION */,
				3695508C2951CD7B009AEB62 /* DebugDEV */,
				369550842951CD68009AEB62 /* DebugQA */,
				3695506A29519AA0009AEB62 /* Release */,
				3695509C2951CDFE009AEB62 /* ReleasePRODUCTION */,
				369550902951CDAD009AEB62 /* ReleaseDEV */,
				369550882951CD71009AEB62 /* ReleaseQA */,
			);
			defaultConfigurationIsVisible = 0;
			defaultConfigurationName = Release;
		};
		3695506B29519AA0009AEB62 /* Build configuration list for PBXNativeTarget "RPBTests" */ = {
			isa = XCConfigurationList;
			buildConfigurations = (
				3695506C29519AA0009AEB62 /* Debug */,
				369550952951CDB6009AEB62 /* DebugPRODUCTION */,
				3695508D2951CD7B009AEB62 /* DebugDEV */,
				369550852951CD68009AEB62 /* DebugQA */,
				3695506D29519AA0009AEB62 /* Release */,
				3695509D2951CDFE009AEB62 /* ReleasePRODUCTION */,
				369550912951CDAD009AEB62 /* ReleaseDEV */,
				369550892951CD71009AEB62 /* ReleaseQA */,
			);
			defaultConfigurationIsVisible = 0;
			defaultConfigurationName = Release;
		};
		3695506E29519AA0009AEB62 /* Build configuration list for PBXNativeTarget "RPBUITests" */ = {
			isa = XCConfigurationList;
			buildConfigurations = (
				3695506F29519AA0009AEB62 /* Debug */,
				369550962951CDB6009AEB62 /* DebugPRODUCTION */,
				3695508E2951CD7B009AEB62 /* DebugDEV */,
				369550862951CD68009AEB62 /* DebugQA */,
				3695507029519AA0009AEB62 /* Release */,
				3695509E2951CDFE009AEB62 /* ReleasePRODUCTION */,
				369550922951CDAD009AEB62 /* ReleaseDEV */,
				3695508A2951CD71009AEB62 /* ReleaseQA */,
			);
			defaultConfigurationIsVisible = 0;
			defaultConfigurationName = Release;
		};
/* End XCConfigurationList section */
	};
	rootObject = 3695503629519A9E009AEB62 /* Project object */;
}
